// !$*UTF8*$!
{
	archiveVersion = 1;
	classes = {
	};
	objectVersion = 46;
	objects = {

/* Begin PBXBuildFile section */
		3788E59314C9D544009DC6AF /* Foundation.framework in Frameworks */ = {isa = PBXBuildFile; fileRef = 3788E59214C9D544009DC6AF /* Foundation.framework */; };
		3788E59614C9D544009DC6AF /* main.m in Sources */ = {isa = PBXBuildFile; fileRef = 3788E59514C9D544009DC6AF /* main.m */; };
		3788E5A114C9DA8E009DC6AF /* AppKit.framework in Frameworks */ = {isa = PBXBuildFile; fileRef = 3788E5A014C9DA8E009DC6AF /* AppKit.framework */; };
		3788E5A414C9DD9D009DC6AF /* NSData+MD5.m in Sources */ = {isa = PBXBuildFile; fileRef = 3788E5A314C9DD9D009DC6AF /* NSData+MD5.m */; };
/* End PBXBuildFile section */

/* Begin PBXCopyFilesBuildPhase section */
		3788E58C14C9D544009DC6AF /* CopyFiles */ = {
			isa = PBXCopyFilesBuildPhase;
			buildActionMask = 2147483647;
			dstPath = /usr/share/man/man1/;
			dstSubfolderSpec = 0;
			files = (
			);
			runOnlyForDeploymentPostprocessing = 1;
		};
/* End PBXCopyFilesBuildPhase section */

/* Begin PBXFileReference section */
		3788E58E14C9D544009DC6AF /* EVETypesConverter */ = {isa = PBXFileReference; explicitFileType = "compiled.mach-o.executable"; includeInIndex = 0; path = EVETypesConverter; sourceTree = BUILT_PRODUCTS_DIR; };
		3788E59214C9D544009DC6AF /* Foundation.framework */ = {isa = PBXFileReference; lastKnownFileType = wrapper.framework; name = Foundation.framework; path = System/Library/Frameworks/Foundation.framework; sourceTree = SDKROOT; };
		3788E59514C9D544009DC6AF /* main.m */ = {isa = PBXFileReference; lastKnownFileType = sourcecode.c.objc; path = main.m; sourceTree = "<group>"; };
		3788E59814C9D544009DC6AF /* EVETypesConverter-Prefix.pch */ = {isa = PBXFileReference; lastKnownFileType = sourcecode.c.h; path = "EVETypesConverter-Prefix.pch"; sourceTree = "<group>"; };
		3788E5A014C9DA8E009DC6AF /* AppKit.framework */ = {isa = PBXFileReference; lastKnownFileType = wrapper.framework; name = AppKit.framework; path = System/Library/Frameworks/AppKit.framework; sourceTree = SDKROOT; };
		3788E5A214C9DD9D009DC6AF /* NSData+MD5.h */ = {isa = PBXFileReference; fileEncoding = 4; lastKnownFileType = sourcecode.c.h; path = "NSData+MD5.h"; sourceTree = "<group>"; };
		3788E5A314C9DD9D009DC6AF /* NSData+MD5.m */ = {isa = PBXFileReference; fileEncoding = 4; lastKnownFileType = sourcecode.c.objc; path = "NSData+MD5.m"; sourceTree = "<group>"; };
/* End PBXFileReference section */

/* Begin PBXFrameworksBuildPhase section */
		3788E58B14C9D544009DC6AF /* Frameworks */ = {
			isa = PBXFrameworksBuildPhase;
			buildActionMask = 2147483647;
			files = (
				3788E5A114C9DA8E009DC6AF /* AppKit.framework in Frameworks */,
				3788E59314C9D544009DC6AF /* Foundation.framework in Frameworks */,
			);
			runOnlyForDeploymentPostprocessing = 0;
		};
/* End PBXFrameworksBuildPhase section */

/* Begin PBXGroup section */
		3788E58314C9D544009DC6AF = {
			isa = PBXGroup;
			children = (
				3788E5A014C9DA8E009DC6AF /* AppKit.framework */,
				3788E59414C9D544009DC6AF /* EVETypesConverter */,
				3788E59114C9D544009DC6AF /* Frameworks */,
				3788E58F14C9D544009DC6AF /* Products */,
			);
			sourceTree = "<group>";
		};
		3788E58F14C9D544009DC6AF /* Products */ = {
			isa = PBXGroup;
			children = (
				3788E58E14C9D544009DC6AF /* EVETypesConverter */,
			);
			name = Products;
			sourceTree = "<group>";
		};
		3788E59114C9D544009DC6AF /* Frameworks */ = {
			isa = PBXGroup;
			children = (
				3788E59214C9D544009DC6AF /* Foundation.framework */,
			);
			name = Frameworks;
			sourceTree = "<group>";
		};
		3788E59414C9D544009DC6AF /* EVETypesConverter */ = {
			isa = PBXGroup;
			children = (
				3788E5A214C9DD9D009DC6AF /* NSData+MD5.h */,
				3788E5A314C9DD9D009DC6AF /* NSData+MD5.m */,
				3788E59514C9D544009DC6AF /* main.m */,
				3788E59714C9D544009DC6AF /* Supporting Files */,
			);
			path = EVETypesConverter;
			sourceTree = "<group>";
		};
		3788E59714C9D544009DC6AF /* Supporting Files */ = {
			isa = PBXGroup;
			children = (
				3788E59814C9D544009DC6AF /* EVETypesConverter-Prefix.pch */,
			);
			name = "Supporting Files";
			sourceTree = "<group>";
		};
/* End PBXGroup section */

/* Begin PBXNativeTarget section */
		3788E58D14C9D544009DC6AF /* EVETypesConverter */ = {
			isa = PBXNativeTarget;
			buildConfigurationList = 3788E59D14C9D544009DC6AF /* Build configuration list for PBXNativeTarget "EVETypesConverter" */;
			buildPhases = (
				3788E58A14C9D544009DC6AF /* Sources */,
				3788E58B14C9D544009DC6AF /* Frameworks */,
				3788E58C14C9D544009DC6AF /* CopyFiles */,
			);
			buildRules = (
			);
			dependencies = (
			);
			name = EVETypesConverter;
			productName = EVETypesConverter;
			productReference = 3788E58E14C9D544009DC6AF /* EVETypesConverter */;
			productType = "com.apple.product-type.tool";
		};
/* End PBXNativeTarget section */

/* Begin PBXProject section */
		3788E58514C9D544009DC6AF /* Project object */ = {
			isa = PBXProject;
			attributes = {
				LastUpgradeCheck = 0420;
			};
			buildConfigurationList = 3788E58814C9D544009DC6AF /* Build configuration list for PBXProject "EVETypesConverter" */;
			compatibilityVersion = "Xcode 3.2";
			developmentRegion = English;
			hasScannedForEncodings = 0;
			knownRegions = (
				en,
			);
			mainGroup = 3788E58314C9D544009DC6AF;
			productRefGroup = 3788E58F14C9D544009DC6AF /* Products */;
			projectDirPath = "";
			projectRoot = "";
			targets = (
				3788E58D14C9D544009DC6AF /* EVETypesConverter */,
			);
		};
/* End PBXProject section */

/* Begin PBXSourcesBuildPhase section */
		3788E58A14C9D544009DC6AF /* Sources */ = {
			isa = PBXSourcesBuildPhase;
			buildActionMask = 2147483647;
			files = (
				3788E59614C9D544009DC6AF /* main.m in Sources */,
				3788E5A414C9DD9D009DC6AF /* NSData+MD5.m in Sources */,
			);
			runOnlyForDeploymentPostprocessing = 0;
		};
/* End PBXSourcesBuildPhase section */

/* Begin XCBuildConfiguration section */
		3788E59B14C9D544009DC6AF /* Debug */ = {
			isa = XCBuildConfiguration;
			buildSettings = {
				ALWAYS_SEARCH_USER_PATHS = NO;
				ARCHS = "$(ARCHS_STANDARD_64_BIT)";
				COPY_PHASE_STRIP = NO;
				GCC_C_LANGUAGE_STANDARD = gnu99;
				GCC_DYNAMIC_NO_PIC = NO;
				GCC_ENABLE_OBJC_EXCEPTIONS = YES;
				GCC_OPTIMIZATION_LEVEL = 0;
				GCC_PREPROCESSOR_DEFINITIONS = (
					"DEBUG=1",
					"$(inherited)",
				);
				GCC_SYMBOLS_PRIVATE_EXTERN = NO;
				GCC_VERSION = com.apple.compilers.llvm.clang.1_0;
				GCC_WARN_64_TO_32_BIT_CONVERSION = YES;
				GCC_WARN_ABOUT_MISSING_PROTOTYPES = YES;
				GCC_WARN_ABOUT_RETURN_TYPE = YES;
				GCC_WARN_UNUSED_VARIABLE = YES;
				MACOSX_DEPLOYMENT_TARGET = 10.6;
				ONLY_ACTIVE_ARCH = YES;
				SDKROOT = macosx;
			};
			name = Debug;
		};
		3788E59C14C9D544009DC6AF /* Release */ = {
			isa = XCBuildConfiguration;
			buildSettings = {
				ALWAYS_SEARCH_USER_PATHS = NO;
				ARCHS = "$(ARCHS_STANDARD_64_BIT)";
				COPY_PHASE_STRIP = YES;
				DEBUG_INFORMATION_FORMAT = "dwarf-with-dsym";
				GCC_C_LANGUAGE_STANDARD = gnu99;
				GCC_ENABLE_OBJC_EXCEPTIONS = YES;
				GCC_VERSION = com.apple.compilers.llvm.clang.1_0;
				GCC_WARN_64_TO_32_BIT_CONVERSION = YES;
				GCC_WARN_ABOUT_MISSING_PROTOTYPES = YES;
				GCC_WARN_ABOUT_RETURN_TYPE = YES;
				GCC_WARN_UNUSED_VARIABLE = YES;
				MACOSX_DEPLOYMENT_TARGET = 10.6;
				SDKROOT = macosx;
			};
			name = Release;
		};
		3788E59E14C9D544009DC6AF /* Debug */ = {
			isa = XCBuildConfiguration;
			buildSettings = {
				CLANG_ENABLE_OBJC_ARC = YES;
				GCC_PRECOMPILE_PREFIX_HEADER = YES;
				GCC_PREFIX_HEADER = "EVETypesConverter/EVETypesConverter-Prefix.pch";
				PRODUCT_NAME = "$(TARGET_NAME)";
			};
			name = Debug;
		};
		3788E59F14C9D544009DC6AF /* Release */ = {
			isa = XCBuildConfiguration;
			buildSettings = {
				CLANG_ENABLE_OBJC_ARC = YES;
				GCC_PRECOMPILE_PREFIX_HEADER = YES;
				GCC_PREFIX_HEADER = "EVETypesConverter/EVETypesConverter-Prefix.pch";
				PRODUCT_NAME = "$(TARGET_NAME)";
			};
			name = Release;
		};
/* End XCBuildConfiguration section */

/* Begin XCConfigurationList section */
		3788E58814C9D544009DC6AF /* Build configuration list for PBXProject "EVETypesConverter" */ = {
			isa = XCConfigurationList;
			buildConfigurations = (
				3788E59B14C9D544009DC6AF /* Debug */,
				3788E59C14C9D544009DC6AF /* Release */,
			);
			defaultConfigurationIsVisible = 0;
			defaultConfigurationName = Release;
		};
		3788E59D14C9D544009DC6AF /* Build configuration list for PBXNativeTarget "EVETypesConverter" */ = {
			isa = XCConfigurationList;
			buildConfigurations = (
				3788E59E14C9D544009DC6AF /* Debug */,
				3788E59F14C9D544009DC6AF /* Release */,
			);
			defaultConfigurationIsVisible = 0;
			defaultConfigurationName = Release;
		};
/* End XCConfigurationList section */
	};
	rootObject = 3788E58514C9D544009DC6AF /* Project object */;
}
