// !$*UTF8*$!
{
	archiveVersion = 1;
	classes = {
	};
	objectVersion = 46;
	objects = {

/* Begin PBXBuildFile section */
		12436D73194596750090D4A6 /* EVEDBCertCertificate.m in Sources */ = {isa = PBXBuildFile; fileRef = 12436D1C194596740090D4A6 /* EVEDBCertCertificate.m */; };
		12436D74194596750090D4A6 /* EVEDBCertMastery.m in Sources */ = {isa = PBXBuildFile; fileRef = 12436D1E194596740090D4A6 /* EVEDBCertMastery.m */; };
		12436D75194596750090D4A6 /* EVEDBCertSkill.m in Sources */ = {isa = PBXBuildFile; fileRef = 12436D20194596740090D4A6 /* EVEDBCertSkill.m */; };
		12436D76194596750090D4A6 /* EVEDBChrRace.m in Sources */ = {isa = PBXBuildFile; fileRef = 12436D22194596740090D4A6 /* EVEDBChrRace.m */; };
		12436D77194596750090D4A6 /* EVEDBCrtCategory.m in Sources */ = {isa = PBXBuildFile; fileRef = 12436D24194596740090D4A6 /* EVEDBCrtCategory.m */; };
		12436D78194596750090D4A6 /* EVEDBCrtCertificate.m in Sources */ = {isa = PBXBuildFile; fileRef = 12436D26194596740090D4A6 /* EVEDBCrtCertificate.m */; };
		12436D79194596750090D4A6 /* EVEDBCrtClass.m in Sources */ = {isa = PBXBuildFile; fileRef = 12436D28194596740090D4A6 /* EVEDBCrtClass.m */; };
		12436D7A194596750090D4A6 /* EVEDBCrtRecommendation.m in Sources */ = {isa = PBXBuildFile; fileRef = 12436D2A194596740090D4A6 /* EVEDBCrtRecommendation.m */; };
		12436D7B194596750090D4A6 /* EVEDBCrtRelationship.m in Sources */ = {isa = PBXBuildFile; fileRef = 12436D2C194596750090D4A6 /* EVEDBCrtRelationship.m */; };
		12436D7C194596750090D4A6 /* EVEDBDatabase.m in Sources */ = {isa = PBXBuildFile; fileRef = 12436D2E194596750090D4A6 /* EVEDBDatabase.m */; };
		12436D7D194596750090D4A6 /* EVEDBDgmAttributeCategory.m in Sources */ = {isa = PBXBuildFile; fileRef = 12436D30194596750090D4A6 /* EVEDBDgmAttributeCategory.m */; };
		12436D7E194596750090D4A6 /* EVEDBDgmAttributeType.m in Sources */ = {isa = PBXBuildFile; fileRef = 12436D32194596750090D4A6 /* EVEDBDgmAttributeType.m */; };
		12436D7F194596750090D4A6 /* EVEDBDgmEffect.m in Sources */ = {isa = PBXBuildFile; fileRef = 12436D34194596750090D4A6 /* EVEDBDgmEffect.m */; };
		12436D80194596750090D4A6 /* EVEDBDgmTypeAttribute.m in Sources */ = {isa = PBXBuildFile; fileRef = 12436D36194596750090D4A6 /* EVEDBDgmTypeAttribute.m */; };
		12436D81194596750090D4A6 /* EVEDBDgmTypeEffect.m in Sources */ = {isa = PBXBuildFile; fileRef = 12436D38194596750090D4A6 /* EVEDBDgmTypeEffect.m */; };
		12436D82194596750090D4A6 /* EVEDBEveIcon.m in Sources */ = {isa = PBXBuildFile; fileRef = 12436D3A194596750090D4A6 /* EVEDBEveIcon.m */; };
		12436D83194596750090D4A6 /* EVEDBEveUnit.m in Sources */ = {isa = PBXBuildFile; fileRef = 12436D3C194596750090D4A6 /* EVEDBEveUnit.m */; };
		12436D84194596750090D4A6 /* EVEDBInvBlueprintType.m in Sources */ = {isa = PBXBuildFile; fileRef = 12436D3E194596750090D4A6 /* EVEDBInvBlueprintType.m */; };
		12436D85194596750090D4A6 /* EVEDBInvCategory.m in Sources */ = {isa = PBXBuildFile; fileRef = 12436D40194596750090D4A6 /* EVEDBInvCategory.m */; };
		12436D86194596750090D4A6 /* EVEDBInvControlTowerResource.m in Sources */ = {isa = PBXBuildFile; fileRef = 12436D42194596750090D4A6 /* EVEDBInvControlTowerResource.m */; };
		12436D87194596750090D4A6 /* EVEDBInvControlTowerResourcePurpose.m in Sources */ = {isa = PBXBuildFile; fileRef = 12436D44194596750090D4A6 /* EVEDBInvControlTowerResourcePurpose.m */; };
		12436D88194596750090D4A6 /* EVEDBInvGroup.m in Sources */ = {isa = PBXBuildFile; fileRef = 12436D46194596750090D4A6 /* EVEDBInvGroup.m */; };
		12436D89194596750090D4A6 /* EVEDBInvMarketGroup.m in Sources */ = {isa = PBXBuildFile; fileRef = 12436D48194596750090D4A6 /* EVEDBInvMarketGroup.m */; };
		12436D8A194596750090D4A6 /* EVEDBInvMetaGroup.m in Sources */ = {isa = PBXBuildFile; fileRef = 12436D4A194596750090D4A6 /* EVEDBInvMetaGroup.m */; };
		12436D8B194596750090D4A6 /* EVEDBInvMetaType.m in Sources */ = {isa = PBXBuildFile; fileRef = 12436D4C194596750090D4A6 /* EVEDBInvMetaType.m */; };
		12436D8C194596750090D4A6 /* EVEDBInvTrait.m in Sources */ = {isa = PBXBuildFile; fileRef = 12436D4E194596750090D4A6 /* EVEDBInvTrait.m */; };
		12436D8D194596750090D4A6 /* EVEDBInvType+ControlTower.m in Sources */ = {isa = PBXBuildFile; fileRef = 12436D50194596750090D4A6 /* EVEDBInvType+ControlTower.m */; };
		12436D8E194596750090D4A6 /* EVEDBInvType+Installation.m in Sources */ = {isa = PBXBuildFile; fileRef = 12436D52194596750090D4A6 /* EVEDBInvType+Installation.m */; };
		12436D8F194596750090D4A6 /* EVEDBInvType+Skill.m in Sources */ = {isa = PBXBuildFile; fileRef = 12436D54194596750090D4A6 /* EVEDBInvType+Skill.m */; };
		12436D90194596750090D4A6 /* EVEDBInvType.m in Sources */ = {isa = PBXBuildFile; fileRef = 12436D56194596750090D4A6 /* EVEDBInvType.m */; };
		12436D91194596750090D4A6 /* EVEDBInvTypeMaterial.m in Sources */ = {isa = PBXBuildFile; fileRef = 12436D58194596750090D4A6 /* EVEDBInvTypeMaterial.m */; };
		12436D92194596750090D4A6 /* EVEDBMapConstellation.m in Sources */ = {isa = PBXBuildFile; fileRef = 12436D5A194596750090D4A6 /* EVEDBMapConstellation.m */; };
		12436D93194596750090D4A6 /* EVEDBMapDenormalize.m in Sources */ = {isa = PBXBuildFile; fileRef = 12436D5C194596750090D4A6 /* EVEDBMapDenormalize.m */; };
		12436D94194596750090D4A6 /* EVEDBMapRegion.m in Sources */ = {isa = PBXBuildFile; fileRef = 12436D5E194596750090D4A6 /* EVEDBMapRegion.m */; };
		12436D95194596750090D4A6 /* EVEDBMapSolarSystem.m in Sources */ = {isa = PBXBuildFile; fileRef = 12436D60194596750090D4A6 /* EVEDBMapSolarSystem.m */; };
		12436D96194596750090D4A6 /* EVEDBNpcGroup.m in Sources */ = {isa = PBXBuildFile; fileRef = 12436D62194596750090D4A6 /* EVEDBNpcGroup.m */; };
		12436D97194596750090D4A6 /* EVEDBRamActivity.m in Sources */ = {isa = PBXBuildFile; fileRef = 12436D64194596750090D4A6 /* EVEDBRamActivity.m */; };
		12436D98194596750090D4A6 /* EVEDBRamAssemblyLineType.m in Sources */ = {isa = PBXBuildFile; fileRef = 12436D66194596750090D4A6 /* EVEDBRamAssemblyLineType.m */; };
		12436D99194596750090D4A6 /* EVEDBRamInstallationTypeContent.m in Sources */ = {isa = PBXBuildFile; fileRef = 12436D68194596750090D4A6 /* EVEDBRamInstallationTypeContent.m */; };
		12436D9A194596750090D4A6 /* EVEDBRamTypeRequirement.m in Sources */ = {isa = PBXBuildFile; fileRef = 12436D6A194596750090D4A6 /* EVEDBRamTypeRequirement.m */; };
		12436D9B194596750090D4A6 /* EVEDBStaStation.m in Sources */ = {isa = PBXBuildFile; fileRef = 12436D6C194596750090D4A6 /* EVEDBStaStation.m */; };
		12436D9C194596750090D4A6 /* EVEDBObject.m in Sources */ = {isa = PBXBuildFile; fileRef = 12436D70194596750090D4A6 /* EVEDBObject.m */; };
		12436D9D194596750090D4A6 /* NSDictionary+EVEDBAPI.m in Sources */ = {isa = PBXBuildFile; fileRef = 12436D72194596750090D4A6 /* NSDictionary+EVEDBAPI.m */; };
		12436DA41945967E0090D4A6 /* NSMutableString+HTML.m in Sources */ = {isa = PBXBuildFile; fileRef = 12436DA01945967E0090D4A6 /* NSMutableString+HTML.m */; };
		12436DA51945967E0090D4A6 /* NSString+HTML.m in Sources */ = {isa = PBXBuildFile; fileRef = 12436DA31945967E0090D4A6 /* NSString+HTML.m */; };
		12436EAD194701B80090D4A6 /* NCDatabase.xcdatamodeld in Sources */ = {isa = PBXBuildFile; fileRef = 12436EAB194701B80090D4A6 /* NCDatabase.xcdatamodeld */; };
		12584D0C19C81DFD00847AB1 /* EVEDBIndustryActivity.m in Sources */ = {isa = PBXBuildFile; fileRef = 12584D0B19C81DFD00847AB1 /* EVEDBIndustryActivity.m */; };
		12584E0119C94FEE00847AB1 /* EVEDBIndustryActivityMaterial.m in Sources */ = {isa = PBXBuildFile; fileRef = 12584E0019C94FEE00847AB1 /* EVEDBIndustryActivityMaterial.m */; };
		12584E0419C9504C00847AB1 /* EVEDBIndustryActivityProbability.m in Sources */ = {isa = PBXBuildFile; fileRef = 12584E0319C9504C00847AB1 /* EVEDBIndustryActivityProbability.m */; };
		12584E0719C9508C00847AB1 /* EVEDBIndustryActivityProduct.m in Sources */ = {isa = PBXBuildFile; fileRef = 12584E0619C9508C00847AB1 /* EVEDBIndustryActivityProduct.m */; };
		12584E0A19C950C500847AB1 /* EVEDBIndustryActivityRace.m in Sources */ = {isa = PBXBuildFile; fileRef = 12584E0919C950C500847AB1 /* EVEDBIndustryActivityRace.m */; };
		12584E0D19C950F700847AB1 /* EVEDBIndustryActivitySkill.m in Sources */ = {isa = PBXBuildFile; fileRef = 12584E0C19C950F700847AB1 /* EVEDBIndustryActivitySkill.m */; };
		12584E1019C9513500847AB1 /* EVEDBIndustryBlueprint.m in Sources */ = {isa = PBXBuildFile; fileRef = 12584E0F19C9513500847AB1 /* EVEDBIndustryBlueprint.m */; };
		127667451914C9A900530550 /* CoreData.framework in Frameworks */ = {isa = PBXBuildFile; fileRef = 127667441914C9A900530550 /* CoreData.framework */; };
		127667471914C9A900530550 /* Foundation.framework in Frameworks */ = {isa = PBXBuildFile; fileRef = 127667461914C9A900530550 /* Foundation.framework */; };
		1276674A1914C9A900530550 /* main.mm in Sources */ = {isa = PBXBuildFile; fileRef = 127667491914C9A900530550 /* main.mm */; };
		128257191BCCF4C400BC1F56 /* NCStorage.xcdatamodeld in Sources */ = {isa = PBXBuildFile; fileRef = 128257161BCCF4C400BC1F56 /* NCStorage.xcdatamodeld */; };
		12D6DC8E1920CD0A003FC5ED /* libsqlite3.dylib in Frameworks */ = {isa = PBXBuildFile; fileRef = 12D6DC8D1920CD0A003FC5ED /* libsqlite3.dylib */; };
		12D6DCF41920D1D5003FC5ED /* NCDBImageValueTransformer.m in Sources */ = {isa = PBXBuildFile; fileRef = 12D6DCF31920D1D5003FC5ED /* NCDBImageValueTransformer.m */; };
		12D9F9FC1CC3AAA000313F8D /* dgmpp.framework in Frameworks */ = {isa = PBXBuildFile; fileRef = 12D9F9F61CC3AA6000313F8D /* dgmpp.framework */; };
/* End PBXBuildFile section */

/* Begin PBXContainerItemProxy section */
		129A84E71DD723CC0001F732 /* PBXContainerItemProxy */ = {
			isa = PBXContainerItemProxy;
			containerPortal = 12F330421C340DE000F19C45 /* dgmpp.xcodeproj */;
			proxyType = 2;
			remoteGlobalIDString = 12DFCECE1CD74242006A19BD;
			remoteInfo = dgmppTests;
		};
		12D9F9F51CC3AA6000313F8D /* PBXContainerItemProxy */ = {
			isa = PBXContainerItemProxy;
			containerPortal = 12F330421C340DE000F19C45 /* dgmpp.xcodeproj */;
			proxyType = 2;
			remoteGlobalIDString = 12D9F9F21CC3A98B00313F8D;
			remoteInfo = "dgmpp OSX";
		};
		12D9F9FA1CC3AA9900313F8D /* PBXContainerItemProxy */ = {
			isa = PBXContainerItemProxy;
			containerPortal = 12F330421C340DE000F19C45 /* dgmpp.xcodeproj */;
			proxyType = 1;
			remoteGlobalIDString = 12D9F9821CC3A98B00313F8D;
			remoteInfo = "dgmpp OSX";
		};
		12F3304B1C340DE000F19C45 /* PBXContainerItemProxy */ = {
			isa = PBXContainerItemProxy;
			containerPortal = 12F330421C340DE000F19C45 /* dgmpp.xcodeproj */;
			proxyType = 2;
			remoteGlobalIDString = 12A3C723177C2FAF0067E00C;
			remoteInfo = compiler;
		};
		12F3304D1C340DE000F19C45 /* PBXContainerItemProxy */ = {
			isa = PBXContainerItemProxy;
			containerPortal = 12F330421C340DE000F19C45 /* dgmpp.xcodeproj */;
			proxyType = 2;
			remoteGlobalIDString = 1242EC1E1A4DFF5B00FD488A;
			remoteInfo = dbpatch;
		};
		12F3304F1C340DE000F19C45 /* PBXContainerItemProxy */ = {
			isa = PBXContainerItemProxy;
			containerPortal = 12F330421C340DE000F19C45 /* dgmpp.xcodeproj */;
			proxyType = 2;
			remoteGlobalIDString = 12564B8E1B84AF15000F68D8;
			remoteInfo = "dgmpp iOS";
		};
		12F330511C340DE000F19C45 /* PBXContainerItemProxy */ = {
			isa = PBXContainerItemProxy;
			containerPortal = 12F330421C340DE000F19C45 /* dgmpp.xcodeproj */;
			proxyType = 2;
			remoteGlobalIDString = 12EFCC661C1AB060003ECA7F;
			remoteInfo = dgmppDemo;
		};
		12F330551C340DE000F19C45 /* PBXContainerItemProxy */ = {
			isa = PBXContainerItemProxy;
			containerPortal = 12F330421C340DE000F19C45 /* dgmpp.xcodeproj */;
			proxyType = 2;
			remoteGlobalIDString = 129F2BD61C1FFE62007FC666;
			remoteInfo = modifiersdump;
		};
/* End PBXContainerItemProxy section */

/* Begin PBXCopyFilesBuildPhase section */
		1276673F1914C9A900530550 /* CopyFiles */ = {
			isa = PBXCopyFilesBuildPhase;
			buildActionMask = 2147483647;
			dstPath = /usr/share/man/man1/;
			dstSubfolderSpec = 0;
			files = (
			);
			runOnlyForDeploymentPostprocessing = 1;
		};
/* End PBXCopyFilesBuildPhase section */

/* Begin PBXFileReference section */
		12436D1A194596740090D4A6 /* EVEDBAPI.h */ = {isa = PBXFileReference; fileEncoding = 4; lastKnownFileType = sourcecode.c.h; path = EVEDBAPI.h; sourceTree = "<group>"; };
		12436D1B194596740090D4A6 /* EVEDBCertCertificate.h */ = {isa = PBXFileReference; fileEncoding = 4; lastKnownFileType = sourcecode.c.h; path = EVEDBCertCertificate.h; sourceTree = "<group>"; };
		12436D1C194596740090D4A6 /* EVEDBCertCertificate.m */ = {isa = PBXFileReference; fileEncoding = 4; lastKnownFileType = sourcecode.c.objc; path = EVEDBCertCertificate.m; sourceTree = "<group>"; };
		12436D1D194596740090D4A6 /* EVEDBCertMastery.h */ = {isa = PBXFileReference; fileEncoding = 4; lastKnownFileType = sourcecode.c.h; path = EVEDBCertMastery.h; sourceTree = "<group>"; };
		12436D1E194596740090D4A6 /* EVEDBCertMastery.m */ = {isa = PBXFileReference; fileEncoding = 4; lastKnownFileType = sourcecode.c.objc; path = EVEDBCertMastery.m; sourceTree = "<group>"; };
		12436D1F194596740090D4A6 /* EVEDBCertSkill.h */ = {isa = PBXFileReference; fileEncoding = 4; lastKnownFileType = sourcecode.c.h; path = EVEDBCertSkill.h; sourceTree = "<group>"; };
		12436D20194596740090D4A6 /* EVEDBCertSkill.m */ = {isa = PBXFileReference; fileEncoding = 4; lastKnownFileType = sourcecode.c.objc; path = EVEDBCertSkill.m; sourceTree = "<group>"; };
		12436D21194596740090D4A6 /* EVEDBChrRace.h */ = {isa = PBXFileReference; fileEncoding = 4; lastKnownFileType = sourcecode.c.h; path = EVEDBChrRace.h; sourceTree = "<group>"; };
		12436D22194596740090D4A6 /* EVEDBChrRace.m */ = {isa = PBXFileReference; fileEncoding = 4; lastKnownFileType = sourcecode.c.objc; path = EVEDBChrRace.m; sourceTree = "<group>"; };
		12436D23194596740090D4A6 /* EVEDBCrtCategory.h */ = {isa = PBXFileReference; fileEncoding = 4; lastKnownFileType = sourcecode.c.h; path = EVEDBCrtCategory.h; sourceTree = "<group>"; };
		12436D24194596740090D4A6 /* EVEDBCrtCategory.m */ = {isa = PBXFileReference; fileEncoding = 4; lastKnownFileType = sourcecode.c.objc; path = EVEDBCrtCategory.m; sourceTree = "<group>"; };
		12436D25194596740090D4A6 /* EVEDBCrtCertificate.h */ = {isa = PBXFileReference; fileEncoding = 4; lastKnownFileType = sourcecode.c.h; path = EVEDBCrtCertificate.h; sourceTree = "<group>"; };
		12436D26194596740090D4A6 /* EVEDBCrtCertificate.m */ = {isa = PBXFileReference; fileEncoding = 4; lastKnownFileType = sourcecode.c.objc; path = EVEDBCrtCertificate.m; sourceTree = "<group>"; };
		12436D27194596740090D4A6 /* EVEDBCrtClass.h */ = {isa = PBXFileReference; fileEncoding = 4; lastKnownFileType = sourcecode.c.h; path = EVEDBCrtClass.h; sourceTree = "<group>"; };
		12436D28194596740090D4A6 /* EVEDBCrtClass.m */ = {isa = PBXFileReference; fileEncoding = 4; lastKnownFileType = sourcecode.c.objc; path = EVEDBCrtClass.m; sourceTree = "<group>"; };
		12436D29194596740090D4A6 /* EVEDBCrtRecommendation.h */ = {isa = PBXFileReference; fileEncoding = 4; lastKnownFileType = sourcecode.c.h; path = EVEDBCrtRecommendation.h; sourceTree = "<group>"; };
		12436D2A194596740090D4A6 /* EVEDBCrtRecommendation.m */ = {isa = PBXFileReference; fileEncoding = 4; lastKnownFileType = sourcecode.c.objc; path = EVEDBCrtRecommendation.m; sourceTree = "<group>"; };
		12436D2B194596750090D4A6 /* EVEDBCrtRelationship.h */ = {isa = PBXFileReference; fileEncoding = 4; lastKnownFileType = sourcecode.c.h; path = EVEDBCrtRelationship.h; sourceTree = "<group>"; };
		12436D2C194596750090D4A6 /* EVEDBCrtRelationship.m */ = {isa = PBXFileReference; fileEncoding = 4; lastKnownFileType = sourcecode.c.objc; path = EVEDBCrtRelationship.m; sourceTree = "<group>"; };
		12436D2D194596750090D4A6 /* EVEDBDatabase.h */ = {isa = PBXFileReference; fileEncoding = 4; lastKnownFileType = sourcecode.c.h; path = EVEDBDatabase.h; sourceTree = "<group>"; };
		12436D2E194596750090D4A6 /* EVEDBDatabase.m */ = {isa = PBXFileReference; fileEncoding = 4; lastKnownFileType = sourcecode.c.objc; path = EVEDBDatabase.m; sourceTree = "<group>"; };
		12436D2F194596750090D4A6 /* EVEDBDgmAttributeCategory.h */ = {isa = PBXFileReference; fileEncoding = 4; lastKnownFileType = sourcecode.c.h; path = EVEDBDgmAttributeCategory.h; sourceTree = "<group>"; };
		12436D30194596750090D4A6 /* EVEDBDgmAttributeCategory.m */ = {isa = PBXFileReference; fileEncoding = 4; lastKnownFileType = sourcecode.c.objc; path = EVEDBDgmAttributeCategory.m; sourceTree = "<group>"; };
		12436D31194596750090D4A6 /* EVEDBDgmAttributeType.h */ = {isa = PBXFileReference; fileEncoding = 4; lastKnownFileType = sourcecode.c.h; path = EVEDBDgmAttributeType.h; sourceTree = "<group>"; };
		12436D32194596750090D4A6 /* EVEDBDgmAttributeType.m */ = {isa = PBXFileReference; fileEncoding = 4; lastKnownFileType = sourcecode.c.objc; path = EVEDBDgmAttributeType.m; sourceTree = "<group>"; };
		12436D33194596750090D4A6 /* EVEDBDgmEffect.h */ = {isa = PBXFileReference; fileEncoding = 4; lastKnownFileType = sourcecode.c.h; path = EVEDBDgmEffect.h; sourceTree = "<group>"; };
		12436D34194596750090D4A6 /* EVEDBDgmEffect.m */ = {isa = PBXFileReference; fileEncoding = 4; lastKnownFileType = sourcecode.c.objc; path = EVEDBDgmEffect.m; sourceTree = "<group>"; };
		12436D35194596750090D4A6 /* EVEDBDgmTypeAttribute.h */ = {isa = PBXFileReference; fileEncoding = 4; lastKnownFileType = sourcecode.c.h; path = EVEDBDgmTypeAttribute.h; sourceTree = "<group>"; };
		12436D36194596750090D4A6 /* EVEDBDgmTypeAttribute.m */ = {isa = PBXFileReference; fileEncoding = 4; lastKnownFileType = sourcecode.c.objc; path = EVEDBDgmTypeAttribute.m; sourceTree = "<group>"; };
		12436D37194596750090D4A6 /* EVEDBDgmTypeEffect.h */ = {isa = PBXFileReference; fileEncoding = 4; lastKnownFileType = sourcecode.c.h; path = EVEDBDgmTypeEffect.h; sourceTree = "<group>"; };
		12436D38194596750090D4A6 /* EVEDBDgmTypeEffect.m */ = {isa = PBXFileReference; fileEncoding = 4; lastKnownFileType = sourcecode.c.objc; path = EVEDBDgmTypeEffect.m; sourceTree = "<group>"; };
		12436D39194596750090D4A6 /* EVEDBEveIcon.h */ = {isa = PBXFileReference; fileEncoding = 4; lastKnownFileType = sourcecode.c.h; path = EVEDBEveIcon.h; sourceTree = "<group>"; };
		12436D3A194596750090D4A6 /* EVEDBEveIcon.m */ = {isa = PBXFileReference; fileEncoding = 4; lastKnownFileType = sourcecode.c.objc; path = EVEDBEveIcon.m; sourceTree = "<group>"; };
		12436D3B194596750090D4A6 /* EVEDBEveUnit.h */ = {isa = PBXFileReference; fileEncoding = 4; lastKnownFileType = sourcecode.c.h; path = EVEDBEveUnit.h; sourceTree = "<group>"; };
		12436D3C194596750090D4A6 /* EVEDBEveUnit.m */ = {isa = PBXFileReference; fileEncoding = 4; lastKnownFileType = sourcecode.c.objc; path = EVEDBEveUnit.m; sourceTree = "<group>"; };
		12436D3D194596750090D4A6 /* EVEDBInvBlueprintType.h */ = {isa = PBXFileReference; fileEncoding = 4; lastKnownFileType = sourcecode.c.h; path = EVEDBInvBlueprintType.h; sourceTree = "<group>"; };
		12436D3E194596750090D4A6 /* EVEDBInvBlueprintType.m */ = {isa = PBXFileReference; fileEncoding = 4; lastKnownFileType = sourcecode.c.objc; path = EVEDBInvBlueprintType.m; sourceTree = "<group>"; };
		12436D3F194596750090D4A6 /* EVEDBInvCategory.h */ = {isa = PBXFileReference; fileEncoding = 4; lastKnownFileType = sourcecode.c.h; path = EVEDBInvCategory.h; sourceTree = "<group>"; };
		12436D40194596750090D4A6 /* EVEDBInvCategory.m */ = {isa = PBXFileReference; fileEncoding = 4; lastKnownFileType = sourcecode.c.objc; path = EVEDBInvCategory.m; sourceTree = "<group>"; };
		12436D41194596750090D4A6 /* EVEDBInvControlTowerResource.h */ = {isa = PBXFileReference; fileEncoding = 4; lastKnownFileType = sourcecode.c.h; path = EVEDBInvControlTowerResource.h; sourceTree = "<group>"; };
		12436D42194596750090D4A6 /* EVEDBInvControlTowerResource.m */ = {isa = PBXFileReference; fileEncoding = 4; lastKnownFileType = sourcecode.c.objc; path = EVEDBInvControlTowerResource.m; sourceTree = "<group>"; };
		12436D43194596750090D4A6 /* EVEDBInvControlTowerResourcePurpose.h */ = {isa = PBXFileReference; fileEncoding = 4; lastKnownFileType = sourcecode.c.h; path = EVEDBInvControlTowerResourcePurpose.h; sourceTree = "<group>"; };
		12436D44194596750090D4A6 /* EVEDBInvControlTowerResourcePurpose.m */ = {isa = PBXFileReference; fileEncoding = 4; lastKnownFileType = sourcecode.c.objc; path = EVEDBInvControlTowerResourcePurpose.m; sourceTree = "<group>"; };
		12436D45194596750090D4A6 /* EVEDBInvGroup.h */ = {isa = PBXFileReference; fileEncoding = 4; lastKnownFileType = sourcecode.c.h; path = EVEDBInvGroup.h; sourceTree = "<group>"; };
		12436D46194596750090D4A6 /* EVEDBInvGroup.m */ = {isa = PBXFileReference; fileEncoding = 4; lastKnownFileType = sourcecode.c.objc; path = EVEDBInvGroup.m; sourceTree = "<group>"; };
		12436D47194596750090D4A6 /* EVEDBInvMarketGroup.h */ = {isa = PBXFileReference; fileEncoding = 4; lastKnownFileType = sourcecode.c.h; path = EVEDBInvMarketGroup.h; sourceTree = "<group>"; };
		12436D48194596750090D4A6 /* EVEDBInvMarketGroup.m */ = {isa = PBXFileReference; fileEncoding = 4; lastKnownFileType = sourcecode.c.objc; path = EVEDBInvMarketGroup.m; sourceTree = "<group>"; };
		12436D49194596750090D4A6 /* EVEDBInvMetaGroup.h */ = {isa = PBXFileReference; fileEncoding = 4; lastKnownFileType = sourcecode.c.h; path = EVEDBInvMetaGroup.h; sourceTree = "<group>"; };
		12436D4A194596750090D4A6 /* EVEDBInvMetaGroup.m */ = {isa = PBXFileReference; fileEncoding = 4; lastKnownFileType = sourcecode.c.objc; path = EVEDBInvMetaGroup.m; sourceTree = "<group>"; };
		12436D4B194596750090D4A6 /* EVEDBInvMetaType.h */ = {isa = PBXFileReference; fileEncoding = 4; lastKnownFileType = sourcecode.c.h; path = EVEDBInvMetaType.h; sourceTree = "<group>"; };
		12436D4C194596750090D4A6 /* EVEDBInvMetaType.m */ = {isa = PBXFileReference; fileEncoding = 4; lastKnownFileType = sourcecode.c.objc; path = EVEDBInvMetaType.m; sourceTree = "<group>"; };
		12436D4D194596750090D4A6 /* EVEDBInvTrait.h */ = {isa = PBXFileReference; fileEncoding = 4; lastKnownFileType = sourcecode.c.h; path = EVEDBInvTrait.h; sourceTree = "<group>"; };
		12436D4E194596750090D4A6 /* EVEDBInvTrait.m */ = {isa = PBXFileReference; fileEncoding = 4; lastKnownFileType = sourcecode.c.objc; path = EVEDBInvTrait.m; sourceTree = "<group>"; };
		12436D4F194596750090D4A6 /* EVEDBInvType+ControlTower.h */ = {isa = PBXFileReference; fileEncoding = 4; lastKnownFileType = sourcecode.c.h; path = "EVEDBInvType+ControlTower.h"; sourceTree = "<group>"; };
		12436D50194596750090D4A6 /* EVEDBInvType+ControlTower.m */ = {isa = PBXFileReference; fileEncoding = 4; lastKnownFileType = sourcecode.c.objc; path = "EVEDBInvType+ControlTower.m"; sourceTree = "<group>"; };
		12436D51194596750090D4A6 /* EVEDBInvType+Installation.h */ = {isa = PBXFileReference; fileEncoding = 4; lastKnownFileType = sourcecode.c.h; path = "EVEDBInvType+Installation.h"; sourceTree = "<group>"; };
		12436D52194596750090D4A6 /* EVEDBInvType+Installation.m */ = {isa = PBXFileReference; fileEncoding = 4; lastKnownFileType = sourcecode.c.objc; path = "EVEDBInvType+Installation.m"; sourceTree = "<group>"; };
		12436D53194596750090D4A6 /* EVEDBInvType+Skill.h */ = {isa = PBXFileReference; fileEncoding = 4; lastKnownFileType = sourcecode.c.h; path = "EVEDBInvType+Skill.h"; sourceTree = "<group>"; };
		12436D54194596750090D4A6 /* EVEDBInvType+Skill.m */ = {isa = PBXFileReference; fileEncoding = 4; lastKnownFileType = sourcecode.c.objc; path = "EVEDBInvType+Skill.m"; sourceTree = "<group>"; };
		12436D55194596750090D4A6 /* EVEDBInvType.h */ = {isa = PBXFileReference; fileEncoding = 4; lastKnownFileType = sourcecode.c.h; path = EVEDBInvType.h; sourceTree = "<group>"; };
		12436D56194596750090D4A6 /* EVEDBInvType.m */ = {isa = PBXFileReference; fileEncoding = 4; lastKnownFileType = sourcecode.c.objc; path = EVEDBInvType.m; sourceTree = "<group>"; };
		12436D57194596750090D4A6 /* EVEDBInvTypeMaterial.h */ = {isa = PBXFileReference; fileEncoding = 4; lastKnownFileType = sourcecode.c.h; path = EVEDBInvTypeMaterial.h; sourceTree = "<group>"; };
		12436D58194596750090D4A6 /* EVEDBInvTypeMaterial.m */ = {isa = PBXFileReference; fileEncoding = 4; lastKnownFileType = sourcecode.c.objc; path = EVEDBInvTypeMaterial.m; sourceTree = "<group>"; };
		12436D59194596750090D4A6 /* EVEDBMapConstellation.h */ = {isa = PBXFileReference; fileEncoding = 4; lastKnownFileType = sourcecode.c.h; path = EVEDBMapConstellation.h; sourceTree = "<group>"; };
		12436D5A194596750090D4A6 /* EVEDBMapConstellation.m */ = {isa = PBXFileReference; fileEncoding = 4; lastKnownFileType = sourcecode.c.objc; path = EVEDBMapConstellation.m; sourceTree = "<group>"; };
		12436D5B194596750090D4A6 /* EVEDBMapDenormalize.h */ = {isa = PBXFileReference; fileEncoding = 4; lastKnownFileType = sourcecode.c.h; path = EVEDBMapDenormalize.h; sourceTree = "<group>"; };
		12436D5C194596750090D4A6 /* EVEDBMapDenormalize.m */ = {isa = PBXFileReference; fileEncoding = 4; lastKnownFileType = sourcecode.c.objc; path = EVEDBMapDenormalize.m; sourceTree = "<group>"; };
		12436D5D194596750090D4A6 /* EVEDBMapRegion.h */ = {isa = PBXFileReference; fileEncoding = 4; lastKnownFileType = sourcecode.c.h; path = EVEDBMapRegion.h; sourceTree = "<group>"; };
		12436D5E194596750090D4A6 /* EVEDBMapRegion.m */ = {isa = PBXFileReference; fileEncoding = 4; lastKnownFileType = sourcecode.c.objc; path = EVEDBMapRegion.m; sourceTree = "<group>"; };
		12436D5F194596750090D4A6 /* EVEDBMapSolarSystem.h */ = {isa = PBXFileReference; fileEncoding = 4; lastKnownFileType = sourcecode.c.h; path = EVEDBMapSolarSystem.h; sourceTree = "<group>"; };
		12436D60194596750090D4A6 /* EVEDBMapSolarSystem.m */ = {isa = PBXFileReference; fileEncoding = 4; lastKnownFileType = sourcecode.c.objc; path = EVEDBMapSolarSystem.m; sourceTree = "<group>"; };
		12436D61194596750090D4A6 /* EVEDBNpcGroup.h */ = {isa = PBXFileReference; fileEncoding = 4; lastKnownFileType = sourcecode.c.h; path = EVEDBNpcGroup.h; sourceTree = "<group>"; };
		12436D62194596750090D4A6 /* EVEDBNpcGroup.m */ = {isa = PBXFileReference; fileEncoding = 4; lastKnownFileType = sourcecode.c.objc; path = EVEDBNpcGroup.m; sourceTree = "<group>"; };
		12436D63194596750090D4A6 /* EVEDBRamActivity.h */ = {isa = PBXFileReference; fileEncoding = 4; lastKnownFileType = sourcecode.c.h; path = EVEDBRamActivity.h; sourceTree = "<group>"; };
		12436D64194596750090D4A6 /* EVEDBRamActivity.m */ = {isa = PBXFileReference; fileEncoding = 4; lastKnownFileType = sourcecode.c.objc; path = EVEDBRamActivity.m; sourceTree = "<group>"; };
		12436D65194596750090D4A6 /* EVEDBRamAssemblyLineType.h */ = {isa = PBXFileReference; fileEncoding = 4; lastKnownFileType = sourcecode.c.h; path = EVEDBRamAssemblyLineType.h; sourceTree = "<group>"; };
		12436D66194596750090D4A6 /* EVEDBRamAssemblyLineType.m */ = {isa = PBXFileReference; fileEncoding = 4; lastKnownFileType = sourcecode.c.objc; path = EVEDBRamAssemblyLineType.m; sourceTree = "<group>"; };
		12436D67194596750090D4A6 /* EVEDBRamInstallationTypeContent.h */ = {isa = PBXFileReference; fileEncoding = 4; lastKnownFileType = sourcecode.c.h; path = EVEDBRamInstallationTypeContent.h; sourceTree = "<group>"; };
		12436D68194596750090D4A6 /* EVEDBRamInstallationTypeContent.m */ = {isa = PBXFileReference; fileEncoding = 4; lastKnownFileType = sourcecode.c.objc; path = EVEDBRamInstallationTypeContent.m; sourceTree = "<group>"; };
		12436D69194596750090D4A6 /* EVEDBRamTypeRequirement.h */ = {isa = PBXFileReference; fileEncoding = 4; lastKnownFileType = sourcecode.c.h; path = EVEDBRamTypeRequirement.h; sourceTree = "<group>"; };
		12436D6A194596750090D4A6 /* EVEDBRamTypeRequirement.m */ = {isa = PBXFileReference; fileEncoding = 4; lastKnownFileType = sourcecode.c.objc; path = EVEDBRamTypeRequirement.m; sourceTree = "<group>"; };
		12436D6B194596750090D4A6 /* EVEDBStaStation.h */ = {isa = PBXFileReference; fileEncoding = 4; lastKnownFileType = sourcecode.c.h; path = EVEDBStaStation.h; sourceTree = "<group>"; };
		12436D6C194596750090D4A6 /* EVEDBStaStation.m */ = {isa = PBXFileReference; fileEncoding = 4; lastKnownFileType = sourcecode.c.objc; path = EVEDBStaStation.m; sourceTree = "<group>"; };
		12436D6E194596750090D4A6 /* EVEDBGlobals.h */ = {isa = PBXFileReference; fileEncoding = 4; lastKnownFileType = sourcecode.c.h; path = EVEDBGlobals.h; sourceTree = "<group>"; };
		12436D6F194596750090D4A6 /* EVEDBObject.h */ = {isa = PBXFileReference; fileEncoding = 4; lastKnownFileType = sourcecode.c.h; path = EVEDBObject.h; sourceTree = "<group>"; };
		12436D70194596750090D4A6 /* EVEDBObject.m */ = {isa = PBXFileReference; fileEncoding = 4; lastKnownFileType = sourcecode.c.objc; path = EVEDBObject.m; sourceTree = "<group>"; };
		12436D71194596750090D4A6 /* NSDictionary+EVEDBAPI.h */ = {isa = PBXFileReference; fileEncoding = 4; lastKnownFileType = sourcecode.c.h; path = "NSDictionary+EVEDBAPI.h"; sourceTree = "<group>"; };
		12436D72194596750090D4A6 /* NSDictionary+EVEDBAPI.m */ = {isa = PBXFileReference; fileEncoding = 4; lastKnownFileType = sourcecode.c.objc; path = "NSDictionary+EVEDBAPI.m"; sourceTree = "<group>"; };
		12436D9F1945967E0090D4A6 /* NSMutableString+HTML.h */ = {isa = PBXFileReference; fileEncoding = 4; lastKnownFileType = sourcecode.c.h; path = "NSMutableString+HTML.h"; sourceTree = "<group>"; };
		12436DA01945967E0090D4A6 /* NSMutableString+HTML.m */ = {isa = PBXFileReference; fileEncoding = 4; lastKnownFileType = sourcecode.c.objc; path = "NSMutableString+HTML.m"; sourceTree = "<group>"; };
		12436DA21945967E0090D4A6 /* NSString+HTML.h */ = {isa = PBXFileReference; fileEncoding = 4; lastKnownFileType = sourcecode.c.h; path = "NSString+HTML.h"; sourceTree = "<group>"; };
		12436DA31945967E0090D4A6 /* NSString+HTML.m */ = {isa = PBXFileReference; fileEncoding = 4; lastKnownFileType = sourcecode.c.objc; path = "NSString+HTML.m"; sourceTree = "<group>"; };
		12436EAC194701B80090D4A6 /* NCDatabase.xcdatamodel */ = {isa = PBXFileReference; lastKnownFileType = wrapper.xcdatamodel; path = NCDatabase.xcdatamodel; sourceTree = "<group>"; };
		12584D0A19C81DFD00847AB1 /* EVEDBIndustryActivity.h */ = {isa = PBXFileReference; fileEncoding = 4; lastKnownFileType = sourcecode.c.h; path = EVEDBIndustryActivity.h; sourceTree = "<group>"; };
		12584D0B19C81DFD00847AB1 /* EVEDBIndustryActivity.m */ = {isa = PBXFileReference; fileEncoding = 4; lastKnownFileType = sourcecode.c.objc; path = EVEDBIndustryActivity.m; sourceTree = "<group>"; };
		12584DFF19C94FEE00847AB1 /* EVEDBIndustryActivityMaterial.h */ = {isa = PBXFileReference; fileEncoding = 4; lastKnownFileType = sourcecode.c.h; path = EVEDBIndustryActivityMaterial.h; sourceTree = "<group>"; };
		12584E0019C94FEE00847AB1 /* EVEDBIndustryActivityMaterial.m */ = {isa = PBXFileReference; fileEncoding = 4; lastKnownFileType = sourcecode.c.objc; path = EVEDBIndustryActivityMaterial.m; sourceTree = "<group>"; };
		12584E0219C9504C00847AB1 /* EVEDBIndustryActivityProbability.h */ = {isa = PBXFileReference; fileEncoding = 4; lastKnownFileType = sourcecode.c.h; path = EVEDBIndustryActivityProbability.h; sourceTree = "<group>"; };
		12584E0319C9504C00847AB1 /* EVEDBIndustryActivityProbability.m */ = {isa = PBXFileReference; fileEncoding = 4; lastKnownFileType = sourcecode.c.objc; path = EVEDBIndustryActivityProbability.m; sourceTree = "<group>"; };
		12584E0519C9508C00847AB1 /* EVEDBIndustryActivityProduct.h */ = {isa = PBXFileReference; fileEncoding = 4; lastKnownFileType = sourcecode.c.h; path = EVEDBIndustryActivityProduct.h; sourceTree = "<group>"; };
		12584E0619C9508C00847AB1 /* EVEDBIndustryActivityProduct.m */ = {isa = PBXFileReference; fileEncoding = 4; lastKnownFileType = sourcecode.c.objc; path = EVEDBIndustryActivityProduct.m; sourceTree = "<group>"; };
		12584E0819C950C500847AB1 /* EVEDBIndustryActivityRace.h */ = {isa = PBXFileReference; fileEncoding = 4; lastKnownFileType = sourcecode.c.h; path = EVEDBIndustryActivityRace.h; sourceTree = "<group>"; };
		12584E0919C950C500847AB1 /* EVEDBIndustryActivityRace.m */ = {isa = PBXFileReference; fileEncoding = 4; lastKnownFileType = sourcecode.c.objc; path = EVEDBIndustryActivityRace.m; sourceTree = "<group>"; };
		12584E0B19C950F700847AB1 /* EVEDBIndustryActivitySkill.h */ = {isa = PBXFileReference; fileEncoding = 4; lastKnownFileType = sourcecode.c.h; path = EVEDBIndustryActivitySkill.h; sourceTree = "<group>"; };
		12584E0C19C950F700847AB1 /* EVEDBIndustryActivitySkill.m */ = {isa = PBXFileReference; fileEncoding = 4; lastKnownFileType = sourcecode.c.objc; path = EVEDBIndustryActivitySkill.m; sourceTree = "<group>"; };
		12584E0E19C9513500847AB1 /* EVEDBIndustryBlueprint.h */ = {isa = PBXFileReference; fileEncoding = 4; lastKnownFileType = sourcecode.c.h; path = EVEDBIndustryBlueprint.h; sourceTree = "<group>"; };
		12584E0F19C9513500847AB1 /* EVEDBIndustryBlueprint.m */ = {isa = PBXFileReference; fileEncoding = 4; lastKnownFileType = sourcecode.c.objc; path = EVEDBIndustryBlueprint.m; sourceTree = "<group>"; };
		127667411914C9A900530550 /* NCDatabase */ = {isa = PBXFileReference; explicitFileType = "compiled.mach-o.executable"; includeInIndex = 0; path = NCDatabase; sourceTree = BUILT_PRODUCTS_DIR; };
		127667441914C9A900530550 /* CoreData.framework */ = {isa = PBXFileReference; lastKnownFileType = wrapper.framework; name = CoreData.framework; path = System/Library/Frameworks/CoreData.framework; sourceTree = SDKROOT; };
		127667461914C9A900530550 /* Foundation.framework */ = {isa = PBXFileReference; lastKnownFileType = wrapper.framework; name = Foundation.framework; path = System/Library/Frameworks/Foundation.framework; sourceTree = SDKROOT; };
		127667491914C9A900530550 /* main.mm */ = {isa = PBXFileReference; lastKnownFileType = sourcecode.cpp.objcpp; path = main.mm; sourceTree = "<group>"; };
		1276674C1914C9A900530550 /* NCDatabase-Prefix.pch */ = {isa = PBXFileReference; lastKnownFileType = sourcecode.c.h; path = "NCDatabase-Prefix.pch"; sourceTree = "<group>"; };
		128257171BCCF4C400BC1F56 /* NCStorage 2.xcdatamodel */ = {isa = PBXFileReference; lastKnownFileType = wrapper.xcdatamodel; path = "NCStorage 2.xcdatamodel"; sourceTree = "<group>"; };
		128257181BCCF4C400BC1F56 /* NCStorage.xcdatamodel */ = {isa = PBXFileReference; lastKnownFileType = wrapper.xcdatamodel; path = NCStorage.xcdatamodel; sourceTree = "<group>"; };
		12D6DC8D1920CD0A003FC5ED /* libsqlite3.dylib */ = {isa = PBXFileReference; lastKnownFileType = "compiled.mach-o.dylib"; name = libsqlite3.dylib; path = usr/lib/libsqlite3.dylib; sourceTree = SDKROOT; };
		12D6DCF21920D1D5003FC5ED /* NCDBImageValueTransformer.h */ = {isa = PBXFileReference; fileEncoding = 4; lastKnownFileType = sourcecode.c.h; path = NCDBImageValueTransformer.h; sourceTree = "<group>"; };
		12D6DCF31920D1D5003FC5ED /* NCDBImageValueTransformer.m */ = {isa = PBXFileReference; fileEncoding = 4; lastKnownFileType = sourcecode.c.objc; path = NCDBImageValueTransformer.m; sourceTree = "<group>"; };
		12D6DCF519211091003FC5ED /* NCDatabase.h */ = {isa = PBXFileReference; lastKnownFileType = sourcecode.c.h; path = NCDatabase.h; sourceTree = "<group>"; };
		12F330421C340DE000F19C45 /* dgmpp.xcodeproj */ = {isa = PBXFileReference; lastKnownFileType = "wrapper.pb-project"; name = dgmpp.xcodeproj; path = ../../../ThirdParty/dgmpp/dgmpp.xcodeproj; sourceTree = "<group>"; };
		12F332841C34153600F19C45 /* dgmpp.framework */ = {isa = PBXFileReference; lastKnownFileType = wrapper.framework; name = dgmpp.framework; path = "../../../../../Library/Developer/Xcode/DerivedData/NCDatabase-bibrngubprjbolghbafzzactmbfk/Build/Products/Debug/dgmpp.framework"; sourceTree = "<group>"; };
/* End PBXFileReference section */

/* Begin PBXFrameworksBuildPhase section */
		1276673E1914C9A900530550 /* Frameworks */ = {
			isa = PBXFrameworksBuildPhase;
			buildActionMask = 2147483647;
			files = (
				12D9F9FC1CC3AAA000313F8D /* dgmpp.framework in Frameworks */,
				12D6DC8E1920CD0A003FC5ED /* libsqlite3.dylib in Frameworks */,
				127667451914C9A900530550 /* CoreData.framework in Frameworks */,
				127667471914C9A900530550 /* Foundation.framework in Frameworks */,
			);
			runOnlyForDeploymentPostprocessing = 0;
		};
/* End PBXFrameworksBuildPhase section */

/* Begin PBXGroup section */
		12436D19194596740090D4A6 /* EVEDBAPI */ = {
			isa = PBXGroup;
			children = (
				12436D1A194596740090D4A6 /* EVEDBAPI.h */,
				12436D1B194596740090D4A6 /* EVEDBCertCertificate.h */,
				12436D1C194596740090D4A6 /* EVEDBCertCertificate.m */,
				12436D1D194596740090D4A6 /* EVEDBCertMastery.h */,
				12436D1E194596740090D4A6 /* EVEDBCertMastery.m */,
				12436D1F194596740090D4A6 /* EVEDBCertSkill.h */,
				12436D20194596740090D4A6 /* EVEDBCertSkill.m */,
				12436D21194596740090D4A6 /* EVEDBChrRace.h */,
				12436D22194596740090D4A6 /* EVEDBChrRace.m */,
				12436D23194596740090D4A6 /* EVEDBCrtCategory.h */,
				12436D24194596740090D4A6 /* EVEDBCrtCategory.m */,
				12436D25194596740090D4A6 /* EVEDBCrtCertificate.h */,
				12436D26194596740090D4A6 /* EVEDBCrtCertificate.m */,
				12436D27194596740090D4A6 /* EVEDBCrtClass.h */,
				12436D28194596740090D4A6 /* EVEDBCrtClass.m */,
				12436D29194596740090D4A6 /* EVEDBCrtRecommendation.h */,
				12436D2A194596740090D4A6 /* EVEDBCrtRecommendation.m */,
				12436D2B194596750090D4A6 /* EVEDBCrtRelationship.h */,
				12436D2C194596750090D4A6 /* EVEDBCrtRelationship.m */,
				12436D2D194596750090D4A6 /* EVEDBDatabase.h */,
				12436D2E194596750090D4A6 /* EVEDBDatabase.m */,
				12436D2F194596750090D4A6 /* EVEDBDgmAttributeCategory.h */,
				12436D30194596750090D4A6 /* EVEDBDgmAttributeCategory.m */,
				12436D31194596750090D4A6 /* EVEDBDgmAttributeType.h */,
				12436D32194596750090D4A6 /* EVEDBDgmAttributeType.m */,
				12436D33194596750090D4A6 /* EVEDBDgmEffect.h */,
				12436D34194596750090D4A6 /* EVEDBDgmEffect.m */,
				12436D35194596750090D4A6 /* EVEDBDgmTypeAttribute.h */,
				12436D36194596750090D4A6 /* EVEDBDgmTypeAttribute.m */,
				12436D37194596750090D4A6 /* EVEDBDgmTypeEffect.h */,
				12436D38194596750090D4A6 /* EVEDBDgmTypeEffect.m */,
				12436D39194596750090D4A6 /* EVEDBEveIcon.h */,
				12436D3A194596750090D4A6 /* EVEDBEveIcon.m */,
				12436D3B194596750090D4A6 /* EVEDBEveUnit.h */,
				12436D3C194596750090D4A6 /* EVEDBEveUnit.m */,
				12436D3D194596750090D4A6 /* EVEDBInvBlueprintType.h */,
				12436D3E194596750090D4A6 /* EVEDBInvBlueprintType.m */,
				12436D3F194596750090D4A6 /* EVEDBInvCategory.h */,
				12436D40194596750090D4A6 /* EVEDBInvCategory.m */,
				12436D41194596750090D4A6 /* EVEDBInvControlTowerResource.h */,
				12436D42194596750090D4A6 /* EVEDBInvControlTowerResource.m */,
				12436D43194596750090D4A6 /* EVEDBInvControlTowerResourcePurpose.h */,
				12436D44194596750090D4A6 /* EVEDBInvControlTowerResourcePurpose.m */,
				12436D45194596750090D4A6 /* EVEDBInvGroup.h */,
				12436D46194596750090D4A6 /* EVEDBInvGroup.m */,
				12436D47194596750090D4A6 /* EVEDBInvMarketGroup.h */,
				12436D48194596750090D4A6 /* EVEDBInvMarketGroup.m */,
				12436D49194596750090D4A6 /* EVEDBInvMetaGroup.h */,
				12436D4A194596750090D4A6 /* EVEDBInvMetaGroup.m */,
				12436D4B194596750090D4A6 /* EVEDBInvMetaType.h */,
				12436D4C194596750090D4A6 /* EVEDBInvMetaType.m */,
				12436D4D194596750090D4A6 /* EVEDBInvTrait.h */,
				12436D4E194596750090D4A6 /* EVEDBInvTrait.m */,
				12436D4F194596750090D4A6 /* EVEDBInvType+ControlTower.h */,
				12436D50194596750090D4A6 /* EVEDBInvType+ControlTower.m */,
				12436D51194596750090D4A6 /* EVEDBInvType+Installation.h */,
				12436D52194596750090D4A6 /* EVEDBInvType+Installation.m */,
				12436D53194596750090D4A6 /* EVEDBInvType+Skill.h */,
				12436D54194596750090D4A6 /* EVEDBInvType+Skill.m */,
				12436D55194596750090D4A6 /* EVEDBInvType.h */,
				12436D56194596750090D4A6 /* EVEDBInvType.m */,
				12436D57194596750090D4A6 /* EVEDBInvTypeMaterial.h */,
				12436D58194596750090D4A6 /* EVEDBInvTypeMaterial.m */,
				12436D59194596750090D4A6 /* EVEDBMapConstellation.h */,
				12436D5A194596750090D4A6 /* EVEDBMapConstellation.m */,
				12436D5B194596750090D4A6 /* EVEDBMapDenormalize.h */,
				12436D5C194596750090D4A6 /* EVEDBMapDenormalize.m */,
				12436D5D194596750090D4A6 /* EVEDBMapRegion.h */,
				12436D5E194596750090D4A6 /* EVEDBMapRegion.m */,
				12436D5F194596750090D4A6 /* EVEDBMapSolarSystem.h */,
				12436D60194596750090D4A6 /* EVEDBMapSolarSystem.m */,
				12436D61194596750090D4A6 /* EVEDBNpcGroup.h */,
				12436D62194596750090D4A6 /* EVEDBNpcGroup.m */,
				12436D63194596750090D4A6 /* EVEDBRamActivity.h */,
				12436D64194596750090D4A6 /* EVEDBRamActivity.m */,
				12436D65194596750090D4A6 /* EVEDBRamAssemblyLineType.h */,
				12436D66194596750090D4A6 /* EVEDBRamAssemblyLineType.m */,
				12436D67194596750090D4A6 /* EVEDBRamInstallationTypeContent.h */,
				12436D68194596750090D4A6 /* EVEDBRamInstallationTypeContent.m */,
				12436D69194596750090D4A6 /* EVEDBRamTypeRequirement.h */,
				12436D6A194596750090D4A6 /* EVEDBRamTypeRequirement.m */,
				12436D6B194596750090D4A6 /* EVEDBStaStation.h */,
				12436D6C194596750090D4A6 /* EVEDBStaStation.m */,
				12584D0A19C81DFD00847AB1 /* EVEDBIndustryActivity.h */,
				12584D0B19C81DFD00847AB1 /* EVEDBIndustryActivity.m */,
				12584DFF19C94FEE00847AB1 /* EVEDBIndustryActivityMaterial.h */,
				12584E0019C94FEE00847AB1 /* EVEDBIndustryActivityMaterial.m */,
				12584E0219C9504C00847AB1 /* EVEDBIndustryActivityProbability.h */,
				12584E0319C9504C00847AB1 /* EVEDBIndustryActivityProbability.m */,
				12584E0519C9508C00847AB1 /* EVEDBIndustryActivityProduct.h */,
				12584E0619C9508C00847AB1 /* EVEDBIndustryActivityProduct.m */,
				12584E0819C950C500847AB1 /* EVEDBIndustryActivityRace.h */,
				12584E0919C950C500847AB1 /* EVEDBIndustryActivityRace.m */,
				12584E0B19C950F700847AB1 /* EVEDBIndustryActivitySkill.h */,
				12584E0C19C950F700847AB1 /* EVEDBIndustryActivitySkill.m */,
				12584E0E19C9513500847AB1 /* EVEDBIndustryBlueprint.h */,
				12584E0F19C9513500847AB1 /* EVEDBIndustryBlueprint.m */,
				12436D6D194596750090D4A6 /* Utility */,
			);
			name = EVEDBAPI;
			path = ../../../ThirdParty/EVEOnlineAPI/Classes/EVEDBAPI;
			sourceTree = "<group>";
		};
		12436D6D194596750090D4A6 /* Utility */ = {
			isa = PBXGroup;
			children = (
				12436D6E194596750090D4A6 /* EVEDBGlobals.h */,
				12436D6F194596750090D4A6 /* EVEDBObject.h */,
				12436D70194596750090D4A6 /* EVEDBObject.m */,
				12436D71194596750090D4A6 /* NSDictionary+EVEDBAPI.h */,
				12436D72194596750090D4A6 /* NSDictionary+EVEDBAPI.m */,
			);
			path = Utility;
			sourceTree = "<group>";
		};
		12436D9E1945967E0090D4A6 /* NSMutableString+HTML */ = {
			isa = PBXGroup;
			children = (
				12436D9F1945967E0090D4A6 /* NSMutableString+HTML.h */,
				12436DA01945967E0090D4A6 /* NSMutableString+HTML.m */,
			);
			name = "NSMutableString+HTML";
			path = "../../../ThirdParty/EVEOnlineAPI/Classes/Utility/NSMutableString+HTML";
			sourceTree = "<group>";
		};
		12436DA11945967E0090D4A6 /* NSString+HTML */ = {
			isa = PBXGroup;
			children = (
				12436DA21945967E0090D4A6 /* NSString+HTML.h */,
				12436DA31945967E0090D4A6 /* NSString+HTML.m */,
			);
			name = "NSString+HTML";
			path = "../../../ThirdParty/EVEOnlineAPI/Classes/Utility/NSString+HTML";
			sourceTree = "<group>";
		};
		127667381914C9A900530550 = {
			isa = PBXGroup;
			children = (
				127667481914C9A900530550 /* NCDatabase */,
				127667431914C9A900530550 /* Frameworks */,
				127667421914C9A900530550 /* Products */,
			);
			sourceTree = "<group>";
		};
		127667421914C9A900530550 /* Products */ = {
			isa = PBXGroup;
			children = (
				127667411914C9A900530550 /* NCDatabase */,
			);
			name = Products;
			sourceTree = "<group>";
		};
		127667431914C9A900530550 /* Frameworks */ = {
			isa = PBXGroup;
			children = (
				12F332841C34153600F19C45 /* dgmpp.framework */,
				12D6DC8D1920CD0A003FC5ED /* libsqlite3.dylib */,
				127667441914C9A900530550 /* CoreData.framework */,
				127667461914C9A900530550 /* Foundation.framework */,
			);
			name = Frameworks;
			sourceTree = "<group>";
		};
		127667481914C9A900530550 /* NCDatabase */ = {
			isa = PBXGroup;
			children = (
				12F330421C340DE000F19C45 /* dgmpp.xcodeproj */,
				12436D19194596740090D4A6 /* EVEDBAPI */,
				12436D9E1945967E0090D4A6 /* NSMutableString+HTML */,
				12436DA11945967E0090D4A6 /* NSString+HTML */,
				127667491914C9A900530550 /* main.mm */,
				12D6DCF519211091003FC5ED /* NCDatabase.h */,
				12D6DCF21920D1D5003FC5ED /* NCDBImageValueTransformer.h */,
				12D6DCF31920D1D5003FC5ED /* NCDBImageValueTransformer.m */,
				128257161BCCF4C400BC1F56 /* NCStorage.xcdatamodeld */,
				12436EAB194701B80090D4A6 /* NCDatabase.xcdatamodeld */,
				1276674B1914C9A900530550 /* Supporting Files */,
			);
			path = NCDatabase;
			sourceTree = "<group>";
		};
		1276674B1914C9A900530550 /* Supporting Files */ = {
			isa = PBXGroup;
			children = (
				1276674C1914C9A900530550 /* NCDatabase-Prefix.pch */,
			);
			name = "Supporting Files";
			sourceTree = "<group>";
		};
		12F330431C340DE000F19C45 /* Products */ = {
			isa = PBXGroup;
			children = (
				12F3304C1C340DE000F19C45 /* compiler */,
				12F3304E1C340DE000F19C45 /* dbpatch */,
				12F330501C340DE000F19C45 /* dgmpp.framework */,
				12F330521C340DE000F19C45 /* dgmpp */,
				12F330561C340DE000F19C45 /* modifiersdump */,
				12D9F9F61CC3AA6000313F8D /* dgmpp.framework */,
				129A84E81DD723CC0001F732 /* dgmppTests.xctest */,
			);
			name = Products;
			sourceTree = "<group>";
		};
/* End PBXGroup section */

/* Begin PBXNativeTarget section */
		127667401914C9A900530550 /* NCDatabase */ = {
			isa = PBXNativeTarget;
			buildConfigurationList = 127667541914C9A900530550 /* Build configuration list for PBXNativeTarget "NCDatabase" */;
			buildPhases = (
				1276673D1914C9A900530550 /* Sources */,
				1276673E1914C9A900530550 /* Frameworks */,
				1276673F1914C9A900530550 /* CopyFiles */,
			);
			buildRules = (
			);
			dependencies = (
				12D9F9FB1CC3AA9900313F8D /* PBXTargetDependency */,
			);
			name = NCDatabase;
			productName = NCDatabase;
			productReference = 127667411914C9A900530550 /* NCDatabase */;
			productType = "com.apple.product-type.tool";
		};
/* End PBXNativeTarget section */

/* Begin PBXProject section */
		127667391914C9A900530550 /* Project object */ = {
			isa = PBXProject;
			attributes = {
				LastUpgradeCheck = 0700;
			};
			buildConfigurationList = 1276673C1914C9A900530550 /* Build configuration list for PBXProject "NCDatabase" */;
			compatibilityVersion = "Xcode 3.2";
			developmentRegion = English;
			hasScannedForEncodings = 0;
			knownRegions = (
				en,
			);
			mainGroup = 127667381914C9A900530550;
			productRefGroup = 127667421914C9A900530550 /* Products */;
			projectDirPath = "";
			projectReferences = (
				{
					ProductGroup = 12F330431C340DE000F19C45 /* Products */;
					ProjectRef = 12F330421C340DE000F19C45 /* dgmpp.xcodeproj */;
				},
			);
			projectRoot = "";
			targets = (
				127667401914C9A900530550 /* NCDatabase */,
			);
		};
/* End PBXProject section */

/* Begin PBXReferenceProxy section */
		129A84E81DD723CC0001F732 /* dgmppTests.xctest */ = {
			isa = PBXReferenceProxy;
			fileType = wrapper.cfbundle;
			path = dgmppTests.xctest;
			remoteRef = 129A84E71DD723CC0001F732 /* PBXContainerItemProxy */;
			sourceTree = BUILT_PRODUCTS_DIR;
		};
		12D9F9F61CC3AA6000313F8D /* dgmpp.framework */ = {
			isa = PBXReferenceProxy;
			fileType = wrapper.framework;
			path = dgmpp.framework;
			remoteRef = 12D9F9F51CC3AA6000313F8D /* PBXContainerItemProxy */;
			sourceTree = BUILT_PRODUCTS_DIR;
		};
		12F3304C1C340DE000F19C45 /* compiler */ = {
			isa = PBXReferenceProxy;
			fileType = "compiled.mach-o.executable";
			path = compiler;
			remoteRef = 12F3304B1C340DE000F19C45 /* PBXContainerItemProxy */;
			sourceTree = BUILT_PRODUCTS_DIR;
		};
		12F3304E1C340DE000F19C45 /* dbpatch */ = {
			isa = PBXReferenceProxy;
			fileType = "compiled.mach-o.executable";
			path = dbpatch;
			remoteRef = 12F3304D1C340DE000F19C45 /* PBXContainerItemProxy */;
			sourceTree = BUILT_PRODUCTS_DIR;
		};
		12F330501C340DE000F19C45 /* dgmpp.framework */ = {
			isa = PBXReferenceProxy;
			fileType = wrapper.framework;
			path = dgmpp.framework;
			remoteRef = 12F3304F1C340DE000F19C45 /* PBXContainerItemProxy */;
			sourceTree = BUILT_PRODUCTS_DIR;
		};
		12F330521C340DE000F19C45 /* dgmpp */ = {
			isa = PBXReferenceProxy;
			fileType = "compiled.mach-o.executable";
			path = dgmpp;
			remoteRef = 12F330511C340DE000F19C45 /* PBXContainerItemProxy */;
			sourceTree = BUILT_PRODUCTS_DIR;
		};
		12F330561C340DE000F19C45 /* modifiersdump */ = {
			isa = PBXReferenceProxy;
			fileType = "compiled.mach-o.executable";
			path = modifiersdump;
			remoteRef = 12F330551C340DE000F19C45 /* PBXContainerItemProxy */;
			sourceTree = BUILT_PRODUCTS_DIR;
		};
/* End PBXReferenceProxy section */

/* Begin PBXSourcesBuildPhase section */
		1276673D1914C9A900530550 /* Sources */ = {
			isa = PBXSourcesBuildPhase;
			buildActionMask = 2147483647;
			files = (
				12436D92194596750090D4A6 /* EVEDBMapConstellation.m in Sources */,
				12436D99194596750090D4A6 /* EVEDBRamInstallationTypeContent.m in Sources */,
				12436EAD194701B80090D4A6 /* NCDatabase.xcdatamodeld in Sources */,
				1276674A1914C9A900530550 /* main.mm in Sources */,
				12436D78194596750090D4A6 /* EVEDBCrtCertificate.m in Sources */,
				12584E0419C9504C00847AB1 /* EVEDBIndustryActivityProbability.m in Sources */,
				12436D87194596750090D4A6 /* EVEDBInvControlTowerResourcePurpose.m in Sources */,
				12436D9A194596750090D4A6 /* EVEDBRamTypeRequirement.m in Sources */,
				12436D86194596750090D4A6 /* EVEDBInvControlTowerResource.m in Sources */,
				12436D8E194596750090D4A6 /* EVEDBInvType+Installation.m in Sources */,
				12436D7F194596750090D4A6 /* EVEDBDgmEffect.m in Sources */,
				12436D90194596750090D4A6 /* EVEDBInvType.m in Sources */,
				12584E1019C9513500847AB1 /* EVEDBIndustryBlueprint.m in Sources */,
				12436D7E194596750090D4A6 /* EVEDBDgmAttributeType.m in Sources */,
				12436D76194596750090D4A6 /* EVEDBChrRace.m in Sources */,
				12436DA41945967E0090D4A6 /* NSMutableString+HTML.m in Sources */,
				12436D80194596750090D4A6 /* EVEDBDgmTypeAttribute.m in Sources */,
				12D6DCF41920D1D5003FC5ED /* NCDBImageValueTransformer.m in Sources */,
				12436D81194596750090D4A6 /* EVEDBDgmTypeEffect.m in Sources */,
				12436D9C194596750090D4A6 /* EVEDBObject.m in Sources */,
				12436D83194596750090D4A6 /* EVEDBEveUnit.m in Sources */,
				12436D7C194596750090D4A6 /* EVEDBDatabase.m in Sources */,
				128257191BCCF4C400BC1F56 /* NCStorage.xcdatamodeld in Sources */,
				12436D8A194596750090D4A6 /* EVEDBInvMetaGroup.m in Sources */,
				12436D84194596750090D4A6 /* EVEDBInvBlueprintType.m in Sources */,
				12436D9D194596750090D4A6 /* NSDictionary+EVEDBAPI.m in Sources */,
				12436D79194596750090D4A6 /* EVEDBCrtClass.m in Sources */,
				12436D85194596750090D4A6 /* EVEDBInvCategory.m in Sources */,
				12436D89194596750090D4A6 /* EVEDBInvMarketGroup.m in Sources */,
				12436D77194596750090D4A6 /* EVEDBCrtCategory.m in Sources */,
				12436D74194596750090D4A6 /* EVEDBCertMastery.m in Sources */,
				12436D96194596750090D4A6 /* EVEDBNpcGroup.m in Sources */,
				12436D8B194596750090D4A6 /* EVEDBInvMetaType.m in Sources */,
				12436DA51945967E0090D4A6 /* NSString+HTML.m in Sources */,
				12584E0119C94FEE00847AB1 /* EVEDBIndustryActivityMaterial.m in Sources */,
				12436D95194596750090D4A6 /* EVEDBMapSolarSystem.m in Sources */,
				12436D97194596750090D4A6 /* EVEDBRamActivity.m in Sources */,
				12436D75194596750090D4A6 /* EVEDBCertSkill.m in Sources */,
				12436D91194596750090D4A6 /* EVEDBInvTypeMaterial.m in Sources */,
				12436D98194596750090D4A6 /* EVEDBRamAssemblyLineType.m in Sources */,
				12436D82194596750090D4A6 /* EVEDBEveIcon.m in Sources */,
				12436D88194596750090D4A6 /* EVEDBInvGroup.m in Sources */,
				12436D8C194596750090D4A6 /* EVEDBInvTrait.m in Sources */,
				12436D8D194596750090D4A6 /* EVEDBInvType+ControlTower.m in Sources */,
				12436D9B194596750090D4A6 /* EVEDBStaStation.m in Sources */,
				12584E0719C9508C00847AB1 /* EVEDBIndustryActivityProduct.m in Sources */,
				12436D7B194596750090D4A6 /* EVEDBCrtRelationship.m in Sources */,
				12584E0D19C950F700847AB1 /* EVEDBIndustryActivitySkill.m in Sources */,
				12436D93194596750090D4A6 /* EVEDBMapDenormalize.m in Sources */,
				12584E0A19C950C500847AB1 /* EVEDBIndustryActivityRace.m in Sources */,
				12436D7A194596750090D4A6 /* EVEDBCrtRecommendation.m in Sources */,
				12436D7D194596750090D4A6 /* EVEDBDgmAttributeCategory.m in Sources */,
				12436D73194596750090D4A6 /* EVEDBCertCertificate.m in Sources */,
				12584D0C19C81DFD00847AB1 /* EVEDBIndustryActivity.m in Sources */,
				12436D94194596750090D4A6 /* EVEDBMapRegion.m in Sources */,
				12436D8F194596750090D4A6 /* EVEDBInvType+Skill.m in Sources */,
			);
			runOnlyForDeploymentPostprocessing = 0;
		};
/* End PBXSourcesBuildPhase section */

/* Begin PBXTargetDependency section */
		12D9F9FB1CC3AA9900313F8D /* PBXTargetDependency */ = {
			isa = PBXTargetDependency;
			name = "dgmpp OSX";
			targetProxy = 12D9F9FA1CC3AA9900313F8D /* PBXContainerItemProxy */;
		};
/* End PBXTargetDependency section */

/* Begin XCBuildConfiguration section */
		127667521914C9A900530550 /* Debug */ = {
			isa = XCBuildConfiguration;
			buildSettings = {
				ALWAYS_SEARCH_USER_PATHS = NO;
				CLANG_CXX_LANGUAGE_STANDARD = "gnu++0x";
				CLANG_CXX_LIBRARY = "libc++";
				CLANG_ENABLE_MODULES = YES;
				CLANG_ENABLE_OBJC_ARC = YES;
				CLANG_WARN_BOOL_CONVERSION = YES;
				CLANG_WARN_CONSTANT_CONVERSION = YES;
				CLANG_WARN_DIRECT_OBJC_ISA_USAGE = YES_ERROR;
				CLANG_WARN_EMPTY_BODY = YES;
				CLANG_WARN_ENUM_CONVERSION = YES;
				CLANG_WARN_INT_CONVERSION = YES;
				CLANG_WARN_OBJC_ROOT_CLASS = YES_ERROR;
				CLANG_WARN__DUPLICATE_METHOD_MATCH = YES;
				COPY_PHASE_STRIP = NO;
				ENABLE_TESTABILITY = YES;
				GCC_C_LANGUAGE_STANDARD = gnu99;
				GCC_DYNAMIC_NO_PIC = NO;
				GCC_ENABLE_OBJC_EXCEPTIONS = YES;
				GCC_OPTIMIZATION_LEVEL = 0;
				GCC_PREPROCESSOR_DEFINITIONS = (
					"DEBUG=1",
					"$(inherited)",
				);
				GCC_SYMBOLS_PRIVATE_EXTERN = NO;
				GCC_WARN_64_TO_32_BIT_CONVERSION = YES;
				GCC_WARN_ABOUT_RETURN_TYPE = YES_ERROR;
				GCC_WARN_UNDECLARED_SELECTOR = YES;
				GCC_WARN_UNINITIALIZED_AUTOS = YES_AGGRESSIVE;
				GCC_WARN_UNUSED_FUNCTION = YES;
				GCC_WARN_UNUSED_VARIABLE = YES;
				MACOSX_DEPLOYMENT_TARGET = 10.9;
				ONLY_ACTIVE_ARCH = YES;
				SDKROOT = macosx;
			};
			name = Debug;
		};
		127667531914C9A900530550 /* Release */ = {
			isa = XCBuildConfiguration;
			buildSettings = {
				ALWAYS_SEARCH_USER_PATHS = NO;
				CLANG_CXX_LANGUAGE_STANDARD = "gnu++0x";
				CLANG_CXX_LIBRARY = "libc++";
				CLANG_ENABLE_MODULES = YES;
				CLANG_ENABLE_OBJC_ARC = YES;
				CLANG_WARN_BOOL_CONVERSION = YES;
				CLANG_WARN_CONSTANT_CONVERSION = YES;
				CLANG_WARN_DIRECT_OBJC_ISA_USAGE = YES_ERROR;
				CLANG_WARN_EMPTY_BODY = YES;
				CLANG_WARN_ENUM_CONVERSION = YES;
				CLANG_WARN_INT_CONVERSION = YES;
				CLANG_WARN_OBJC_ROOT_CLASS = YES_ERROR;
				CLANG_WARN__DUPLICATE_METHOD_MATCH = YES;
				COPY_PHASE_STRIP = YES;
				DEBUG_INFORMATION_FORMAT = "dwarf-with-dsym";
				ENABLE_NS_ASSERTIONS = NO;
				GCC_C_LANGUAGE_STANDARD = gnu99;
				GCC_ENABLE_OBJC_EXCEPTIONS = YES;
				GCC_WARN_64_TO_32_BIT_CONVERSION = YES;
				GCC_WARN_ABOUT_RETURN_TYPE = YES_ERROR;
				GCC_WARN_UNDECLARED_SELECTOR = YES;
				GCC_WARN_UNINITIALIZED_AUTOS = YES_AGGRESSIVE;
				GCC_WARN_UNUSED_FUNCTION = YES;
				GCC_WARN_UNUSED_VARIABLE = YES;
				MACOSX_DEPLOYMENT_TARGET = 10.9;
				SDKROOT = macosx;
			};
			name = Release;
		};
		127667551914C9A900530550 /* Debug */ = {
			isa = XCBuildConfiguration;
			buildSettings = {
				ARCHS = "$(ARCHS_STANDARD)";
				DEFINES_MODULE = NO;
				GCC_PRECOMPILE_PREFIX_HEADER = YES;
				GCC_PREFIX_HEADER = "NCDatabase/NCDatabase-Prefix.pch";
				HEADER_SEARCH_PATHS = (
					"$(inherited)",
					/Applications/Xcode.app/Contents/Developer/Toolchains/XcodeDefault.xctoolchain/usr/include,
					/Developer/Tools/boost,
				);
				PRODUCT_NAME = "$(TARGET_NAME)";
				SDKROOT = macosx;
				SUPPORTED_PLATFORMS = macosx;
				VALID_ARCHS = "x86_64 i386";
			};
			name = Debug;
		};
		127667561914C9A900530550 /* Release */ = {
			isa = XCBuildConfiguration;
			buildSettings = {
				ARCHS = "$(ARCHS_STANDARD)";
				DEFINES_MODULE = NO;
				GCC_PRECOMPILE_PREFIX_HEADER = YES;
				GCC_PREFIX_HEADER = "NCDatabase/NCDatabase-Prefix.pch";
				HEADER_SEARCH_PATHS = (
					"$(inherited)",
					/Applications/Xcode.app/Contents/Developer/Toolchains/XcodeDefault.xctoolchain/usr/include,
					/Developer/Tools/boost,
				);
				PRODUCT_NAME = "$(TARGET_NAME)";
				SDKROOT = macosx;
				SUPPORTED_PLATFORMS = macosx;
				VALID_ARCHS = "x86_64 i386";
			};
			name = Release;
		};
/* End XCBuildConfiguration section */

/* Begin XCConfigurationList section */
		1276673C1914C9A900530550 /* Build configuration list for PBXProject "NCDatabase" */ = {
			isa = XCConfigurationList;
			buildConfigurations = (
				127667521914C9A900530550 /* Debug */,
				127667531914C9A900530550 /* Release */,
			);
			defaultConfigurationIsVisible = 0;
			defaultConfigurationName = Release;
		};
		127667541914C9A900530550 /* Build configuration list for PBXNativeTarget "NCDatabase" */ = {
			isa = XCConfigurationList;
			buildConfigurations = (
				127667551914C9A900530550 /* Debug */,
				127667561914C9A900530550 /* Release */,
			);
			defaultConfigurationIsVisible = 0;
			defaultConfigurationName = Release;
		};
/* End XCConfigurationList section */

/* Begin XCVersionGroup section */
		12436EAB194701B80090D4A6 /* NCDatabase.xcdatamodeld */ = {
			isa = XCVersionGroup;
			children = (
				12436EAC194701B80090D4A6 /* NCDatabase.xcdatamodel */,
			);
			currentVersion = 12436EAC194701B80090D4A6 /* NCDatabase.xcdatamodel */;
			name = NCDatabase.xcdatamodeld;
			path = ../../../Neocom/db/NCDatabase.xcdatamodeld;
			sourceTree = "<group>";
			versionGroupType = wrapper.xcdatamodel;
		};
		128257161BCCF4C400BC1F56 /* NCStorage.xcdatamodeld */ = {
			isa = XCVersionGroup;
			children = (
				128257171BCCF4C400BC1F56 /* NCStorage 2.xcdatamodel */,
				128257181BCCF4C400BC1F56 /* NCStorage.xcdatamodel */,
			);
			currentVersion = 128257171BCCF4C400BC1F56 /* NCStorage 2.xcdatamodel */;
			name = NCStorage.xcdatamodeld;
			path = ../../../Neocom/NCStorage.xcdatamodeld;
			sourceTree = "<group>";
			versionGroupType = wrapper.xcdatamodel;
		};
/* End XCVersionGroup section */
	};
	rootObject = 127667391914C9A900530550 /* Project object */;
}
