// !$*UTF8*$!
{
	archiveVersion = 1;
	classes = {
	};
	objectVersion = 46;
	objects = {

/* Begin PBXBuildFile section */
		122161831DF1942900399B41 /* UIColor+CS.swift_ in CopyFiles */ = {isa = PBXBuildFile; fileRef = 12AC8DE41DF1914000561A7A /* UIColor+CS.swift_ */; };
		122161841DF1942900399B41 /* UIColor+Scheme.swift_ in CopyFiles */ = {isa = PBXBuildFile; fileRef = 12AC8DE71DF1925B00561A7A /* UIColor+Scheme.swift_ */; };
		127BB8E51DDC3ED700F07E6C /* AppKit.framework in Frameworks */ = {isa = PBXBuildFile; fileRef = 127BB8E41DDC3ED700F07E6C /* AppKit.framework */; };
		12AC8DE31DF186AC00561A7A /* main.swift in Sources */ = {isa = PBXBuildFile; fileRef = 12AC8DD81DF0AFD800561A7A /* main.swift */; };
/* End PBXBuildFile section */

/* Begin PBXCopyFilesBuildPhase section */
		127BB8D71DDC3EC500F07E6C /* CopyFiles */ = {
			isa = PBXCopyFilesBuildPhase;
			buildActionMask = 12;
			dstPath = "";
			dstSubfolderSpec = 16;
			files = (
				122161831DF1942900399B41 /* UIColor+CS.swift_ in CopyFiles */,
				122161841DF1942900399B41 /* UIColor+Scheme.swift_ in CopyFiles */,
			);
			runOnlyForDeploymentPostprocessing = 0;
		};
/* End PBXCopyFilesBuildPhase section */

/* Begin PBXFileReference section */
		127BB8D91DDC3EC500F07E6C /* clrconvert */ = {isa = PBXFileReference; explicitFileType = "compiled.mach-o.executable"; includeInIndex = 0; path = clrconvert; sourceTree = BUILT_PRODUCTS_DIR; };
		127BB8E41DDC3ED700F07E6C /* AppKit.framework */ = {isa = PBXFileReference; lastKnownFileType = wrapper.framework; name = AppKit.framework; path = System/Library/Frameworks/AppKit.framework; sourceTree = SDKROOT; };
		12AC8DD81DF0AFD800561A7A /* main.swift */ = {isa = PBXFileReference; fileEncoding = 4; lastKnownFileType = sourcecode.swift; path = main.swift; sourceTree = "<group>"; };
		12AC8DE41DF1914000561A7A /* UIColor+CS.swift_ */ = {isa = PBXFileReference; fileEncoding = 4; lastKnownFileType = text; path = "UIColor+CS.swift_"; sourceTree = "<group>"; };
		12AC8DE71DF1925B00561A7A /* UIColor+Scheme.swift_ */ = {isa = PBXFileReference; fileEncoding = 4; lastKnownFileType = text; path = "UIColor+Scheme.swift_"; sourceTree = "<group>"; };
/* End PBXFileReference section */

/* Begin PBXFrameworksBuildPhase section */
		127BB8D61DDC3EC500F07E6C /* Frameworks */ = {
			isa = PBXFrameworksBuildPhase;
			buildActionMask = 2147483647;
			files = (
				127BB8E51DDC3ED700F07E6C /* AppKit.framework in Frameworks */,
			);
			runOnlyForDeploymentPostprocessing = 0;
		};
/* End PBXFrameworksBuildPhase section */

/* Begin PBXGroup section */
		127BB8D01DDC3EC500F07E6C = {
			isa = PBXGroup;
			children = (
				127BB8DB1DDC3EC500F07E6C /* clrconvert */,
				127BB8DA1DDC3EC500F07E6C /* Products */,
				127BB8E31DDC3ED700F07E6C /* Frameworks */,
			);
			sourceTree = "<group>";
		};
		127BB8DA1DDC3EC500F07E6C /* Products */ = {
			isa = PBXGroup;
			children = (
				127BB8D91DDC3EC500F07E6C /* clrconvert */,
			);
			name = Products;
			sourceTree = "<group>";
		};
		127BB8DB1DDC3EC500F07E6C /* clrconvert */ = {
			isa = PBXGroup;
			children = (
				12AC8DD81DF0AFD800561A7A /* main.swift */,
				12AC8DE41DF1914000561A7A /* UIColor+CS.swift_ */,
				12AC8DE71DF1925B00561A7A /* UIColor+Scheme.swift_ */,
			);
			path = clrconvert;
			sourceTree = "<group>";
		};
		127BB8E31DDC3ED700F07E6C /* Frameworks */ = {
			isa = PBXGroup;
			children = (
				127BB8E41DDC3ED700F07E6C /* AppKit.framework */,
			);
			name = Frameworks;
			sourceTree = "<group>";
		};
/* End PBXGroup section */

/* Begin PBXNativeTarget section */
		127BB8D81DDC3EC500F07E6C /* clrconvert */ = {
			isa = PBXNativeTarget;
			buildConfigurationList = 127BB8E01DDC3EC500F07E6C /* Build configuration list for PBXNativeTarget "clrconvert" */;
			buildPhases = (
				127BB8D51DDC3EC500F07E6C /* Sources */,
				127BB8D61DDC3EC500F07E6C /* Frameworks */,
				127BB8D71DDC3EC500F07E6C /* CopyFiles */,
			);
			buildRules = (
			);
			dependencies = (
			);
			name = clrconvert;
			productName = clrconvert;
			productReference = 127BB8D91DDC3EC500F07E6C /* clrconvert */;
			productType = "com.apple.product-type.tool";
		};
/* End PBXNativeTarget section */

/* Begin PBXProject section */
		127BB8D11DDC3EC500F07E6C /* Project object */ = {
			isa = PBXProject;
			attributes = {
				LastUpgradeCheck = 0820;
				ORGANIZATIONNAME = "Artem Shimanski";
				TargetAttributes = {
					127BB8D81DDC3EC500F07E6C = {
						CreatedOnToolsVersion = 8.1;
						DevelopmentTeam = YB4RLQ4M9A;
						LastSwiftMigration = 0810;
						ProvisioningStyle = Automatic;
					};
				};
			};
			buildConfigurationList = 127BB8D41DDC3EC500F07E6C /* Build configuration list for PBXProject "clrconvert" */;
			compatibilityVersion = "Xcode 3.2";
			developmentRegion = English;
			hasScannedForEncodings = 0;
			knownRegions = (
				en,
			);
			mainGroup = 127BB8D01DDC3EC500F07E6C;
			productRefGroup = 127BB8DA1DDC3EC500F07E6C /* Products */;
			projectDirPath = "";
			projectRoot = "";
			targets = (
				127BB8D81DDC3EC500F07E6C /* clrconvert */,
			);
		};
/* End PBXProject section */

/* Begin PBXSourcesBuildPhase section */
		127BB8D51DDC3EC500F07E6C /* Sources */ = {
			isa = PBXSourcesBuildPhase;
			buildActionMask = 2147483647;
			files = (
				12AC8DE31DF186AC00561A7A /* main.swift in Sources */,
			);
			runOnlyForDeploymentPostprocessing = 0;
		};
/* End PBXSourcesBuildPhase section */

/* Begin XCBuildConfiguration section */
		127BB8DE1DDC3EC500F07E6C /* Debug */ = {
			isa = XCBuildConfiguration;
			buildSettings = {
				ALWAYS_SEARCH_USER_PATHS = NO;
				CLANG_ANALYZER_NONNULL = YES;
				CLANG_CXX_LANGUAGE_STANDARD = "gnu++0x";
				CLANG_CXX_LIBRARY = "libc++";
				CLANG_ENABLE_MODULES = YES;
				CLANG_ENABLE_OBJC_ARC = YES;
				CLANG_WARN_BOOL_CONVERSION = YES;
				CLANG_WARN_CONSTANT_CONVERSION = YES;
				CLANG_WARN_DIRECT_OBJC_ISA_USAGE = YES_ERROR;
				CLANG_WARN_DOCUMENTATION_COMMENTS = YES;
				CLANG_WARN_EMPTY_BODY = YES;
				CLANG_WARN_ENUM_CONVERSION = YES;
				CLANG_WARN_INFINITE_RECURSION = YES;
				CLANG_WARN_INT_CONVERSION = YES;
				CLANG_WARN_OBJC_ROOT_CLASS = YES_ERROR;
				CLANG_WARN_SUSPICIOUS_MOVE = YES;
				CLANG_WARN_SUSPICIOUS_MOVES = YES;
				CLANG_WARN_UNREACHABLE_CODE = YES;
				CLANG_WARN__DUPLICATE_METHOD_MATCH = YES;
				CODE_SIGN_IDENTITY = "-";
				COPY_PHASE_STRIP = NO;
				DEBUG_INFORMATION_FORMAT = dwarf;
				ENABLE_STRICT_OBJC_MSGSEND = YES;
				ENABLE_TESTABILITY = YES;
				GCC_C_LANGUAGE_STANDARD = gnu99;
				GCC_DYNAMIC_NO_PIC = NO;
				GCC_NO_COMMON_BLOCKS = YES;
				GCC_OPTIMIZATION_LEVEL = 0;
				GCC_PREPROCESSOR_DEFINITIONS = (
					"DEBUG=1",
					"$(inherited)",
				);
				GCC_WARN_64_TO_32_BIT_CONVERSION = YES;
				GCC_WARN_ABOUT_RETURN_TYPE = YES_ERROR;
				GCC_WARN_UNDECLARED_SELECTOR = YES;
				GCC_WARN_UNINITIALIZED_AUTOS = YES_AGGRESSIVE;
				GCC_WARN_UNUSED_FUNCTION = YES;
				GCC_WARN_UNUSED_VARIABLE = YES;
				MACOSX_DEPLOYMENT_TARGET = 10.12;
				MTL_ENABLE_DEBUG_INFO = YES;
				ONLY_ACTIVE_ARCH = YES;
				SDKROOT = macosx;
			};
			name = Debug;
		};
		127BB8DF1DDC3EC500F07E6C /* Release */ = {
			isa = XCBuildConfiguration;
			buildSettings = {
				ALWAYS_SEARCH_USER_PATHS = NO;
				CLANG_ANALYZER_NONNULL = YES;
				CLANG_CXX_LANGUAGE_STANDARD = "gnu++0x";
				CLANG_CXX_LIBRARY = "libc++";
				CLANG_ENABLE_MODULES = YES;
				CLANG_ENABLE_OBJC_ARC = YES;
				CLANG_WARN_BOOL_CONVERSION = YES;
				CLANG_WARN_CONSTANT_CONVERSION = YES;
				CLANG_WARN_DIRECT_OBJC_ISA_USAGE = YES_ERROR;
				CLANG_WARN_DOCUMENTATION_COMMENTS = YES;
				CLANG_WARN_EMPTY_BODY = YES;
				CLANG_WARN_ENUM_CONVERSION = YES;
				CLANG_WARN_INFINITE_RECURSION = YES;
				CLANG_WARN_INT_CONVERSION = YES;
				CLANG_WARN_OBJC_ROOT_CLASS = YES_ERROR;
				CLANG_WARN_SUSPICIOUS_MOVE = YES;
				CLANG_WARN_SUSPICIOUS_MOVES = YES;
				CLANG_WARN_UNREACHABLE_CODE = YES;
				CLANG_WARN__DUPLICATE_METHOD_MATCH = YES;
				CODE_SIGN_IDENTITY = "-";
				COPY_PHASE_STRIP = NO;
				DEBUG_INFORMATION_FORMAT = "dwarf-with-dsym";
				ENABLE_NS_ASSERTIONS = NO;
				ENABLE_STRICT_OBJC_MSGSEND = YES;
				GCC_C_LANGUAGE_STANDARD = gnu99;
				GCC_NO_COMMON_BLOCKS = YES;
				GCC_WARN_64_TO_32_BIT_CONVERSION = YES;
				GCC_WARN_ABOUT_RETURN_TYPE = YES_ERROR;
				GCC_WARN_UNDECLARED_SELECTOR = YES;
				GCC_WARN_UNINITIALIZED_AUTOS = YES_AGGRESSIVE;
				GCC_WARN_UNUSED_FUNCTION = YES;
				GCC_WARN_UNUSED_VARIABLE = YES;
				MACOSX_DEPLOYMENT_TARGET = 10.12;
				MTL_ENABLE_DEBUG_INFO = NO;
				SDKROOT = macosx;
				SWIFT_OPTIMIZATION_LEVEL = "-Owholemodule";
			};
			name = Release;
		};
		127BB8E11DDC3EC500F07E6C /* Debug */ = {
			isa = XCBuildConfiguration;
			buildSettings = {
				CLANG_ENABLE_MODULES = YES;
				DEVELOPMENT_TEAM = YB4RLQ4M9A;
				LD_RUNPATH_SEARCH_PATHS = "$(inherited) @executable_path/../Frameworks @loader_path/../Frameworks";
				PRODUCT_NAME = "$(TARGET_NAME)";
				SWIFT_OPTIMIZATION_LEVEL = "-Onone";
				SWIFT_VERSION = 3.0;
			};
			name = Debug;
		};
		127BB8E21DDC3EC500F07E6C /* Release */ = {
			isa = XCBuildConfiguration;
			buildSettings = {
				CLANG_ENABLE_MODULES = YES;
				DEVELOPMENT_TEAM = YB4RLQ4M9A;
				LD_RUNPATH_SEARCH_PATHS = "$(inherited) @executable_path/../Frameworks @loader_path/../Frameworks";
				PRODUCT_NAME = "$(TARGET_NAME)";
				SWIFT_VERSION = 3.0;
			};
			name = Release;
		};
/* End XCBuildConfiguration section */

/* Begin XCConfigurationList section */
		127BB8D41DDC3EC500F07E6C /* Build configuration list for PBXProject "clrconvert" */ = {
			isa = XCConfigurationList;
			buildConfigurations = (
				127BB8DE1DDC3EC500F07E6C /* Debug */,
				127BB8DF1DDC3EC500F07E6C /* Release */,
			);
			defaultConfigurationIsVisible = 0;
			defaultConfigurationName = Release;
		};
		127BB8E01DDC3EC500F07E6C /* Build configuration list for PBXNativeTarget "clrconvert" */ = {
			isa = XCConfigurationList;
			buildConfigurations = (
				127BB8E11DDC3EC500F07E6C /* Debug */,
				127BB8E21DDC3EC500F07E6C /* Release */,
			);
			defaultConfigurationIsVisible = 0;
			defaultConfigurationName = Release;
		};
/* End XCConfigurationList section */
	};
	rootObject = 127BB8D11DDC3EC500F07E6C /* Project object */;
}
