// !$*UTF8*$!
{
	archiveVersion = 1;
	classes = {
	};
	objectVersion = 50;
	objects = {

/* Begin PBXBuildFile section */
		120E28F0238B12A1006B30EA /* CharacterInfo.swift in Sources */ = {isa = PBXBuildFile; fileRef = 120E28EF238B12A1006B30EA /* CharacterInfo.swift */; };
		12AE040F23847EC600DEFFC5 /* Home.swift in Sources */ = {isa = PBXBuildFile; fileRef = 12AE040E23847EC600DEFFC5 /* Home.swift */; };
		12AE041123847EDE00DEFFC5 /* HomeAccountHeader.swift in Sources */ = {isa = PBXBuildFile; fileRef = 12AE041023847EDE00DEFFC5 /* HomeAccountHeader.swift */; };
		12F06F13238464920061313D /* AppDelegate.swift in Sources */ = {isa = PBXBuildFile; fileRef = 12F06F12238464920061313D /* AppDelegate.swift */; };
		12F06F15238464920061313D /* SceneDelegate.swift in Sources */ = {isa = PBXBuildFile; fileRef = 12F06F14238464920061313D /* SceneDelegate.swift */; };
		12F06F17238464920061313D /* ContentView.swift in Sources */ = {isa = PBXBuildFile; fileRef = 12F06F16238464920061313D /* ContentView.swift */; };
		12F06F19238464950061313D /* Assets.xcassets in Resources */ = {isa = PBXBuildFile; fileRef = 12F06F18238464950061313D /* Assets.xcassets */; };
		12F06F1C238464950061313D /* Preview Assets.xcassets in Resources */ = {isa = PBXBuildFile; fileRef = 12F06F1B238464950061313D /* Preview Assets.xcassets */; };
		12F06F1F238464950061313D /* LaunchScreen.storyboard in Resources */ = {isa = PBXBuildFile; fileRef = 12F06F1D238464950061313D /* LaunchScreen.storyboard */; };
		12F06F31238467600061313D /* SDE.xcdatamodeld in Sources */ = {isa = PBXBuildFile; fileRef = 12F06F2F238467600061313D /* SDE.xcdatamodeld */; };
		12F06F3D238468E50061313D /* SDE.swift in Sources */ = {isa = PBXBuildFile; fileRef = 12F06F3C238468E50061313D /* SDE.swift */; };
		12F06F40238469C10061313D /* SDEVersion.swift in Sources */ = {isa = PBXBuildFile; fileRef = 12F06F3E238469C10061313D /* SDEVersion.swift */; };
		12F06F41238469C10061313D /* SDE.sqlite in Resources */ = {isa = PBXBuildFile; fileRef = 12F06F3F238469C10061313D /* SDE.sqlite */; };
		12F06F6723846C750061313D /* Storage.xcdatamodeld in Sources */ = {isa = PBXBuildFile; fileRef = 12F06F322384676F0061313D /* Storage.xcdatamodeld */; };
		12F06F6923846C890061313D /* Storage.swift in Sources */ = {isa = PBXBuildFile; fileRef = 12F06F6823846C890061313D /* Storage.swift */; };
		12F06F6B23846D670061313D /* Main.swift in Sources */ = {isa = PBXBuildFile; fileRef = 12F06F6A23846D670061313D /* Main.swift */; };
		169672D72387EA2F00EB860B /* HomeHeader.swift in Sources */ = {isa = PBXBuildFile; fileRef = 169672D62387EA2F00EB860B /* HomeHeader.swift */; };
		169672D92387EA3F00EB860B /* EnvironmentValues.swift in Sources */ = {isa = PBXBuildFile; fileRef = 169672D82387EA3F00EB860B /* EnvironmentValues.swift */; };
		169672DB2387ECCD00EB860B /* EVEAPI.framework in Frameworks */ = {isa = PBXBuildFile; fileRef = 169672DA2387ECCD00EB860B /* EVEAPI.framework */; };
		169672DC2387ECCD00EB860B /* EVEAPI.framework in Embed Frameworks */ = {isa = PBXBuildFile; fileRef = 169672DA2387ECCD00EB860B /* EVEAPI.framework */; settings = {ATTRIBUTES = (CodeSignOnCopy, RemoveHeadersOnCopy, ); }; };
		169672DF2387ECEF00EB860B /* Alamofire.framework in Frameworks */ = {isa = PBXBuildFile; fileRef = 169672DE2387ECEF00EB860B /* Alamofire.framework */; };
		169672E02387ECEF00EB860B /* Alamofire.framework in Embed Frameworks */ = {isa = PBXBuildFile; fileRef = 169672DE2387ECEF00EB860B /* Alamofire.framework */; settings = {ATTRIBUTES = (CodeSignOnCopy, RemoveHeadersOnCopy, ); }; };
		16D8DC80238808870057A6F4 /* Combine.swift in Sources */ = {isa = PBXBuildFile; fileRef = 16D8DC7F238808870057A6F4 /* Combine.swift */; };
		16D8DC82238813A40057A6F4 /* DataTask.swift in Sources */ = {isa = PBXBuildFile; fileRef = 16D8DC81238813A40057A6F4 /* DataTask.swift */; };
/* End PBXBuildFile section */

/* Begin PBXCopyFilesBuildPhase section */
		169672DD2387ECCE00EB860B /* Embed Frameworks */ = {
			isa = PBXCopyFilesBuildPhase;
			buildActionMask = 2147483647;
			dstPath = "";
			dstSubfolderSpec = 10;
			files = (
				169672DC2387ECCD00EB860B /* EVEAPI.framework in Embed Frameworks */,
				169672E02387ECEF00EB860B /* Alamofire.framework in Embed Frameworks */,
			);
			name = "Embed Frameworks";
			runOnlyForDeploymentPostprocessing = 0;
		};
/* End PBXCopyFilesBuildPhase section */

/* Begin PBXFileReference section */
		120E28EF238B12A1006B30EA /* CharacterInfo.swift */ = {isa = PBXFileReference; lastKnownFileType = sourcecode.swift; path = CharacterInfo.swift; sourceTree = "<group>"; };
		12AE040E23847EC600DEFFC5 /* Home.swift */ = {isa = PBXFileReference; lastKnownFileType = sourcecode.swift; path = Home.swift; sourceTree = "<group>"; };
		12AE041023847EDE00DEFFC5 /* HomeAccountHeader.swift */ = {isa = PBXFileReference; lastKnownFileType = sourcecode.swift; path = HomeAccountHeader.swift; sourceTree = "<group>"; };
		12F06F0F238464920061313D /* Neocom.app */ = {isa = PBXFileReference; explicitFileType = wrapper.application; includeInIndex = 0; path = Neocom.app; sourceTree = BUILT_PRODUCTS_DIR; };
		12F06F12238464920061313D /* AppDelegate.swift */ = {isa = PBXFileReference; lastKnownFileType = sourcecode.swift; path = AppDelegate.swift; sourceTree = "<group>"; };
		12F06F14238464920061313D /* SceneDelegate.swift */ = {isa = PBXFileReference; lastKnownFileType = sourcecode.swift; path = SceneDelegate.swift; sourceTree = "<group>"; };
		12F06F16238464920061313D /* ContentView.swift */ = {isa = PBXFileReference; lastKnownFileType = sourcecode.swift; path = ContentView.swift; sourceTree = "<group>"; };
		12F06F18238464950061313D /* Assets.xcassets */ = {isa = PBXFileReference; lastKnownFileType = folder.assetcatalog; path = Assets.xcassets; sourceTree = "<group>"; };
		12F06F1B238464950061313D /* Preview Assets.xcassets */ = {isa = PBXFileReference; lastKnownFileType = folder.assetcatalog; path = "Preview Assets.xcassets"; sourceTree = "<group>"; };
		12F06F1E238464950061313D /* Base */ = {isa = PBXFileReference; lastKnownFileType = file.storyboard; name = Base; path = Base.lproj/LaunchScreen.storyboard; sourceTree = "<group>"; };
		12F06F20238464950061313D /* Info.plist */ = {isa = PBXFileReference; lastKnownFileType = text.plist.xml; path = Info.plist; sourceTree = "<group>"; };
		12F06F30238467600061313D /* SDE.xcdatamodel */ = {isa = PBXFileReference; lastKnownFileType = wrapper.xcdatamodel; path = SDE.xcdatamodel; sourceTree = "<group>"; };
		12F06F332384676F0061313D /* Storage.xcdatamodel */ = {isa = PBXFileReference; lastKnownFileType = wrapper.xcdatamodel; path = Storage.xcdatamodel; sourceTree = "<group>"; };
		12F06F36238467A10061313D /* UIKit.framework */ = {isa = PBXFileReference; lastKnownFileType = wrapper.framework; name = UIKit.framework; path = System/Library/Frameworks/UIKit.framework; sourceTree = SDKROOT; };
		12F06F3C238468E50061313D /* SDE.swift */ = {isa = PBXFileReference; lastKnownFileType = sourcecode.swift; path = SDE.swift; sourceTree = "<group>"; };
		12F06F3E238469C10061313D /* SDEVersion.swift */ = {isa = PBXFileReference; fileEncoding = 4; lastKnownFileType = sourcecode.swift; path = SDEVersion.swift; sourceTree = SOURCE_ROOT; };
		12F06F3F238469C10061313D /* SDE.sqlite */ = {isa = PBXFileReference; lastKnownFileType = file; path = SDE.sqlite; sourceTree = SOURCE_ROOT; };
		12F06F6823846C890061313D /* Storage.swift */ = {isa = PBXFileReference; lastKnownFileType = sourcecode.swift; path = Storage.swift; sourceTree = "<group>"; };
		12F06F6A23846D670061313D /* Main.swift */ = {isa = PBXFileReference; lastKnownFileType = sourcecode.swift; path = Main.swift; sourceTree = "<group>"; };
		169672D62387EA2F00EB860B /* HomeHeader.swift */ = {isa = PBXFileReference; lastKnownFileType = sourcecode.swift; path = HomeHeader.swift; sourceTree = "<group>"; };
		169672D82387EA3F00EB860B /* EnvironmentValues.swift */ = {isa = PBXFileReference; lastKnownFileType = sourcecode.swift; name = EnvironmentValues.swift; path = Neocom/Home/EnvironmentValues.swift; sourceTree = SOURCE_ROOT; };
		169672DA2387ECCD00EB860B /* EVEAPI.framework */ = {isa = PBXFileReference; explicitFileType = wrapper.framework; path = EVEAPI.framework; sourceTree = BUILT_PRODUCTS_DIR; };
		169672DE2387ECEF00EB860B /* Alamofire.framework */ = {isa = PBXFileReference; explicitFileType = wrapper.framework; path = Alamofire.framework; sourceTree = BUILT_PRODUCTS_DIR; };
		16D8DC7F238808870057A6F4 /* Combine.swift */ = {isa = PBXFileReference; lastKnownFileType = sourcecode.swift; name = Combine.swift; path = Neocom/Home/Combine.swift; sourceTree = SOURCE_ROOT; };
		16D8DC81238813A40057A6F4 /* DataTask.swift */ = {isa = PBXFileReference; lastKnownFileType = sourcecode.swift; path = DataTask.swift; sourceTree = "<group>"; };
/* End PBXFileReference section */

/* Begin PBXFrameworksBuildPhase section */
		12F06F0C238464920061313D /* Frameworks */ = {
			isa = PBXFrameworksBuildPhase;
			buildActionMask = 2147483647;
			files = (
				169672DB2387ECCD00EB860B /* EVEAPI.framework in Frameworks */,
				169672DF2387ECEF00EB860B /* Alamofire.framework in Frameworks */,
			);
			runOnlyForDeploymentPostprocessing = 0;
		};
/* End PBXFrameworksBuildPhase section */

/* Begin PBXGroup section */
		120E28EE238B1293006B30EA /* DataTasks */ = {
			isa = PBXGroup;
			children = (
				120E28EF238B12A1006B30EA /* CharacterInfo.swift */,
			);
			path = DataTasks;
			sourceTree = "<group>";
		};
		12AE040D23847EB400DEFFC5 /* Home */ = {
			isa = PBXGroup;
			children = (
				12AE040E23847EC600DEFFC5 /* Home.swift */,
				169672D62387EA2F00EB860B /* HomeHeader.swift */,
				12AE041023847EDE00DEFFC5 /* HomeAccountHeader.swift */,
			);
			path = Home;
			sourceTree = "<group>";
		};
		12F06F06238464920061313D = {
			isa = PBXGroup;
			children = (
				12F06F11238464920061313D /* Neocom */,
				12F06F10238464920061313D /* Products */,
				12F06F35238467A10061313D /* Frameworks */,
			);
			sourceTree = "<group>";
		};
		12F06F10238464920061313D /* Products */ = {
			isa = PBXGroup;
			children = (
				12F06F0F238464920061313D /* Neocom.app */,
			);
			name = Products;
			sourceTree = "<group>";
		};
		12F06F11238464920061313D /* Neocom */ = {
			isa = PBXGroup;
			children = (
				12F06F2B238466F50061313D /* Model */,
				12F06F2A238466EB0061313D /* Utility */,
				12F06F12238464920061313D /* AppDelegate.swift */,
				12AE040D23847EB400DEFFC5 /* Home */,
				12F06F14238464920061313D /* SceneDelegate.swift */,
				12F06F16238464920061313D /* ContentView.swift */,
				12F06F6A23846D670061313D /* Main.swift */,
				12F06F18238464950061313D /* Assets.xcassets */,
				12F06F1D238464950061313D /* LaunchScreen.storyboard */,
				12F06F20238464950061313D /* Info.plist */,
				12F06F1A238464950061313D /* Preview Content */,
			);
			path = Neocom;
			sourceTree = "<group>";
		};
		12F06F1A238464950061313D /* Preview Content */ = {
			isa = PBXGroup;
			children = (
				12F06F1B238464950061313D /* Preview Assets.xcassets */,
			);
			path = "Preview Content";
			sourceTree = "<group>";
		};
		12F06F2A238466EB0061313D /* Utility */ = {
			isa = PBXGroup;
			children = (
				120E28EE238B1293006B30EA /* DataTasks */,
				169672D82387EA3F00EB860B /* EnvironmentValues.swift */,
				16D8DC7F238808870057A6F4 /* Combine.swift */,
				16D8DC81238813A40057A6F4 /* DataTask.swift */,
			);
			path = Utility;
			sourceTree = "<group>";
		};
		12F06F2B238466F50061313D /* Model */ = {
			isa = PBXGroup;
			children = (
				12F06F2F238467600061313D /* SDE.xcdatamodeld */,
				12F06F322384676F0061313D /* Storage.xcdatamodeld */,
				12F06F3F238469C10061313D /* SDE.sqlite */,
				12F06F3E238469C10061313D /* SDEVersion.swift */,
				12F06F3C238468E50061313D /* SDE.swift */,
				12F06F6823846C890061313D /* Storage.swift */,
			);
			path = Model;
			sourceTree = "<group>";
		};
		12F06F35238467A10061313D /* Frameworks */ = {
			isa = PBXGroup;
			children = (
				169672DE2387ECEF00EB860B /* Alamofire.framework */,
				169672DA2387ECCD00EB860B /* EVEAPI.framework */,
				12F06F36238467A10061313D /* UIKit.framework */,
			);
			name = Frameworks;
			sourceTree = "<group>";
		};
/* End PBXGroup section */

/* Begin PBXNativeTarget section */
		12F06F0E238464920061313D /* Neocom */ = {
			isa = PBXNativeTarget;
			buildConfigurationList = 12F06F23238464950061313D /* Build configuration list for PBXNativeTarget "Neocom" */;
			buildPhases = (
				12F06F0B238464920061313D /* Sources */,
				12F06F0C238464920061313D /* Frameworks */,
				12F06F0D238464920061313D /* Resources */,
				169672DD2387ECCE00EB860B /* Embed Frameworks */,
			);
			buildRules = (
			);
			dependencies = (
			);
			name = Neocom;
			productName = Neocom;
			productReference = 12F06F0F238464920061313D /* Neocom.app */;
			productType = "com.apple.product-type.application";
		};
/* End PBXNativeTarget section */

/* Begin PBXProject section */
		12F06F07238464920061313D /* Project object */ = {
			isa = PBXProject;
			attributes = {
				LastSwiftUpdateCheck = 1120;
				LastUpgradeCheck = 1120;
				ORGANIZATIONNAME = "Artem Shimanski";
				TargetAttributes = {
					12F06F0E238464920061313D = {
						CreatedOnToolsVersion = 11.2.1;
					};
				};
			};
			buildConfigurationList = 12F06F0A238464920061313D /* Build configuration list for PBXProject "Neocom" */;
			compatibilityVersion = "Xcode 9.3";
			developmentRegion = en;
			hasScannedForEncodings = 0;
			knownRegions = (
				en,
				Base,
			);
			mainGroup = 12F06F06238464920061313D;
			productRefGroup = 12F06F10238464920061313D /* Products */;
			projectDirPath = "";
			projectRoot = "";
			targets = (
				12F06F0E238464920061313D /* Neocom */,
			);
		};
/* End PBXProject section */

/* Begin PBXResourcesBuildPhase section */
		12F06F0D238464920061313D /* Resources */ = {
			isa = PBXResourcesBuildPhase;
			buildActionMask = 2147483647;
			files = (
				12F06F1F238464950061313D /* LaunchScreen.storyboard in Resources */,
				12F06F1C238464950061313D /* Preview Assets.xcassets in Resources */,
				12F06F41238469C10061313D /* SDE.sqlite in Resources */,
				12F06F19238464950061313D /* Assets.xcassets in Resources */,
			);
			runOnlyForDeploymentPostprocessing = 0;
		};
/* End PBXResourcesBuildPhase section */

/* Begin PBXSourcesBuildPhase section */
		12F06F0B238464920061313D /* Sources */ = {
			isa = PBXSourcesBuildPhase;
			buildActionMask = 2147483647;
			files = (
				12F06F6B23846D670061313D /* Main.swift in Sources */,
				12F06F31238467600061313D /* SDE.xcdatamodeld in Sources */,
				12AE040F23847EC600DEFFC5 /* Home.swift in Sources */,
				12F06F40238469C10061313D /* SDEVersion.swift in Sources */,
				16D8DC82238813A40057A6F4 /* DataTask.swift in Sources */,
				12F06F3D238468E50061313D /* SDE.swift in Sources */,
				169672D72387EA2F00EB860B /* HomeHeader.swift in Sources */,
				120E28F0238B12A1006B30EA /* CharacterInfo.swift in Sources */,
				12F06F13238464920061313D /* AppDelegate.swift in Sources */,
				12AE041123847EDE00DEFFC5 /* HomeAccountHeader.swift in Sources */,
				12F06F6723846C750061313D /* Storage.xcdatamodeld in Sources */,
				169672D92387EA3F00EB860B /* EnvironmentValues.swift in Sources */,
				12F06F6923846C890061313D /* Storage.swift in Sources */,
				12F06F15238464920061313D /* SceneDelegate.swift in Sources */,
				12F06F17238464920061313D /* ContentView.swift in Sources */,
				16D8DC80238808870057A6F4 /* Combine.swift in Sources */,
			);
			runOnlyForDeploymentPostprocessing = 0;
		};
/* End PBXSourcesBuildPhase section */

/* Begin PBXVariantGroup section */
		12F06F1D238464950061313D /* LaunchScreen.storyboard */ = {
			isa = PBXVariantGroup;
			children = (
				12F06F1E238464950061313D /* Base */,
			);
			name = LaunchScreen.storyboard;
			sourceTree = "<group>";
		};
/* End PBXVariantGroup section */

/* Begin XCBuildConfiguration section */
		12F06F21238464950061313D /* Debug */ = {
			isa = XCBuildConfiguration;
			buildSettings = {
				ALWAYS_SEARCH_USER_PATHS = NO;
				CLANG_ANALYZER_NONNULL = YES;
				CLANG_ANALYZER_NUMBER_OBJECT_CONVERSION = YES_AGGRESSIVE;
				CLANG_CXX_LANGUAGE_STANDARD = "gnu++14";
				CLANG_CXX_LIBRARY = "libc++";
				CLANG_ENABLE_MODULES = YES;
				CLANG_ENABLE_OBJC_ARC = YES;
				CLANG_ENABLE_OBJC_WEAK = YES;
				CLANG_WARN_BLOCK_CAPTURE_AUTORELEASING = YES;
				CLANG_WARN_BOOL_CONVERSION = YES;
				CLANG_WARN_COMMA = YES;
				CLANG_WARN_CONSTANT_CONVERSION = YES;
				CLANG_WARN_DEPRECATED_OBJC_IMPLEMENTATIONS = YES;
				CLANG_WARN_DIRECT_OBJC_ISA_USAGE = YES_ERROR;
				CLANG_WARN_DOCUMENTATION_COMMENTS = YES;
				CLANG_WARN_EMPTY_BODY = YES;
				CLANG_WARN_ENUM_CONVERSION = YES;
				CLANG_WARN_INFINITE_RECURSION = YES;
				CLANG_WARN_INT_CONVERSION = YES;
				CLANG_WARN_NON_LITERAL_NULL_CONVERSION = YES;
				CLANG_WARN_OBJC_IMPLICIT_RETAIN_SELF = YES;
				CLANG_WARN_OBJC_LITERAL_CONVERSION = YES;
				CLANG_WARN_OBJC_ROOT_CLASS = YES_ERROR;
				CLANG_WARN_RANGE_LOOP_ANALYSIS = YES;
				CLANG_WARN_STRICT_PROTOTYPES = YES;
				CLANG_WARN_SUSPICIOUS_MOVE = YES;
				CLANG_WARN_UNGUARDED_AVAILABILITY = YES_AGGRESSIVE;
				CLANG_WARN_UNREACHABLE_CODE = YES;
				CLANG_WARN__DUPLICATE_METHOD_MATCH = YES;
				COPY_PHASE_STRIP = NO;
				DEBUG_INFORMATION_FORMAT = dwarf;
				ENABLE_STRICT_OBJC_MSGSEND = YES;
				ENABLE_TESTABILITY = YES;
				GCC_C_LANGUAGE_STANDARD = gnu11;
				GCC_DYNAMIC_NO_PIC = NO;
				GCC_NO_COMMON_BLOCKS = YES;
				GCC_OPTIMIZATION_LEVEL = 0;
				GCC_PREPROCESSOR_DEFINITIONS = (
					"DEBUG=1",
					"$(inherited)",
				);
				GCC_WARN_64_TO_32_BIT_CONVERSION = YES;
				GCC_WARN_ABOUT_RETURN_TYPE = YES_ERROR;
				GCC_WARN_UNDECLARED_SELECTOR = YES;
				GCC_WARN_UNINITIALIZED_AUTOS = YES_AGGRESSIVE;
				GCC_WARN_UNUSED_FUNCTION = YES;
				GCC_WARN_UNUSED_VARIABLE = YES;
				IPHONEOS_DEPLOYMENT_TARGET = 13.2;
				MTL_ENABLE_DEBUG_INFO = INCLUDE_SOURCE;
				MTL_FAST_MATH = YES;
				ONLY_ACTIVE_ARCH = YES;
				SDKROOT = iphoneos;
				SWIFT_ACTIVE_COMPILATION_CONDITIONS = DEBUG;
				SWIFT_OPTIMIZATION_LEVEL = "-Onone";
			};
			name = Debug;
		};
		12F06F22238464950061313D /* Release */ = {
			isa = XCBuildConfiguration;
			buildSettings = {
				ALWAYS_SEARCH_USER_PATHS = NO;
				CLANG_ANALYZER_NONNULL = YES;
				CLANG_ANALYZER_NUMBER_OBJECT_CONVERSION = YES_AGGRESSIVE;
				CLANG_CXX_LANGUAGE_STANDARD = "gnu++14";
				CLANG_CXX_LIBRARY = "libc++";
				CLANG_ENABLE_MODULES = YES;
				CLANG_ENABLE_OBJC_ARC = YES;
				CLANG_ENABLE_OBJC_WEAK = YES;
				CLANG_WARN_BLOCK_CAPTURE_AUTORELEASING = YES;
				CLANG_WARN_BOOL_CONVERSION = YES;
				CLANG_WARN_COMMA = YES;
				CLANG_WARN_CONSTANT_CONVERSION = YES;
				CLANG_WARN_DEPRECATED_OBJC_IMPLEMENTATIONS = YES;
				CLANG_WARN_DIRECT_OBJC_ISA_USAGE = YES_ERROR;
				CLANG_WARN_DOCUMENTATION_COMMENTS = YES;
				CLANG_WARN_EMPTY_BODY = YES;
				CLANG_WARN_ENUM_CONVERSION = YES;
				CLANG_WARN_INFINITE_RECURSION = YES;
				CLANG_WARN_INT_CONVERSION = YES;
				CLANG_WARN_NON_LITERAL_NULL_CONVERSION = YES;
				CLANG_WARN_OBJC_IMPLICIT_RETAIN_SELF = YES;
				CLANG_WARN_OBJC_LITERAL_CONVERSION = YES;
				CLANG_WARN_OBJC_ROOT_CLASS = YES_ERROR;
				CLANG_WARN_RANGE_LOOP_ANALYSIS = YES;
				CLANG_WARN_STRICT_PROTOTYPES = YES;
				CLANG_WARN_SUSPICIOUS_MOVE = YES;
				CLANG_WARN_UNGUARDED_AVAILABILITY = YES_AGGRESSIVE;
				CLANG_WARN_UNREACHABLE_CODE = YES;
				CLANG_WARN__DUPLICATE_METHOD_MATCH = YES;
				COPY_PHASE_STRIP = NO;
				DEBUG_INFORMATION_FORMAT = "dwarf-with-dsym";
				ENABLE_NS_ASSERTIONS = NO;
				ENABLE_STRICT_OBJC_MSGSEND = YES;
				GCC_C_LANGUAGE_STANDARD = gnu11;
				GCC_NO_COMMON_BLOCKS = YES;
				GCC_WARN_64_TO_32_BIT_CONVERSION = YES;
				GCC_WARN_ABOUT_RETURN_TYPE = YES_ERROR;
				GCC_WARN_UNDECLARED_SELECTOR = YES;
				GCC_WARN_UNINITIALIZED_AUTOS = YES_AGGRESSIVE;
				GCC_WARN_UNUSED_FUNCTION = YES;
				GCC_WARN_UNUSED_VARIABLE = YES;
				IPHONEOS_DEPLOYMENT_TARGET = 13.2;
				MTL_ENABLE_DEBUG_INFO = NO;
				MTL_FAST_MATH = YES;
				SDKROOT = iphoneos;
				SWIFT_COMPILATION_MODE = wholemodule;
				SWIFT_OPTIMIZATION_LEVEL = "-O";
				VALIDATE_PRODUCT = YES;
			};
			name = Release;
		};
		12F06F24238464950061313D /* Debug */ = {
			isa = XCBuildConfiguration;
			buildSettings = {
				ASSETCATALOG_COMPILER_APPICON_NAME = AppIcon;
				CODE_SIGN_STYLE = Automatic;
				CURRENT_PROJECT_VERSION = 44;
				DEVELOPMENT_ASSET_PATHS = "\"Neocom/Preview Content\"";
				DEVELOPMENT_TEAM = YB4RLQ4M9A;
				ENABLE_PREVIEWS = YES;
				INFOPLIST_FILE = Neocom/Info.plist;
				LD_RUNPATH_SEARCH_PATHS = (
					"$(inherited)",
					"@executable_path/Frameworks",
				);
				MARKETING_VERSION = 2.0;
				PRODUCT_BUNDLE_IDENTIFIER = com.shimanski.neocom;
				PRODUCT_NAME = "$(TARGET_NAME)";
				SWIFT_VERSION = 5.0;
				TARGETED_DEVICE_FAMILY = "1,2";
			};
			name = Debug;
		};
		12F06F25238464950061313D /* Release */ = {
			isa = XCBuildConfiguration;
			buildSettings = {
				ASSETCATALOG_COMPILER_APPICON_NAME = AppIcon;
				CODE_SIGN_STYLE = Automatic;
				CURRENT_PROJECT_VERSION = 44;
				DEVELOPMENT_ASSET_PATHS = "\"Neocom/Preview Content\"";
				DEVELOPMENT_TEAM = YB4RLQ4M9A;
				ENABLE_PREVIEWS = YES;
				INFOPLIST_FILE = Neocom/Info.plist;
				LD_RUNPATH_SEARCH_PATHS = (
					"$(inherited)",
					"@executable_path/Frameworks",
				);
				MARKETING_VERSION = 2.0;
				PRODUCT_BUNDLE_IDENTIFIER = com.shimanski.neocom;
				PRODUCT_NAME = "$(TARGET_NAME)";
				SWIFT_VERSION = 5.0;
				TARGETED_DEVICE_FAMILY = "1,2";
			};
			name = Release;
		};
/* End XCBuildConfiguration section */

/* Begin XCConfigurationList section */
		12F06F0A238464920061313D /* Build configuration list for PBXProject "Neocom" */ = {
			isa = XCConfigurationList;
			buildConfigurations = (
				12F06F21238464950061313D /* Debug */,
				12F06F22238464950061313D /* Release */,
			);
			defaultConfigurationIsVisible = 0;
			defaultConfigurationName = Release;
		};
		12F06F23238464950061313D /* Build configuration list for PBXNativeTarget "Neocom" */ = {
			isa = XCConfigurationList;
			buildConfigurations = (
				12F06F24238464950061313D /* Debug */,
				12F06F25238464950061313D /* Release */,
			);
			defaultConfigurationIsVisible = 0;
			defaultConfigurationName = Release;
		};
/* End XCConfigurationList section */

/* Begin XCVersionGroup section */
		12F06F2F238467600061313D /* SDE.xcdatamodeld */ = {
			isa = XCVersionGroup;
			children = (
				12F06F30238467600061313D /* SDE.xcdatamodel */,
			);
			currentVersion = 12F06F30238467600061313D /* SDE.xcdatamodel */;
			path = SDE.xcdatamodeld;
			sourceTree = "<group>";
			versionGroupType = wrapper.xcdatamodel;
		};
		12F06F322384676F0061313D /* Storage.xcdatamodeld */ = {
			isa = XCVersionGroup;
			children = (
				12F06F332384676F0061313D /* Storage.xcdatamodel */,
			);
			currentVersion = 12F06F332384676F0061313D /* Storage.xcdatamodel */;
			path = Storage.xcdatamodeld;
			sourceTree = "<group>";
			versionGroupType = wrapper.xcdatamodel;
		};
/* End XCVersionGroup section */
	};
	rootObject = 12F06F07238464920061313D /* Project object */;
}
