// !$*UTF8*$!
{
	archiveVersion = 1;
	classes = {
	};
	objectVersion = 46;
	objects = {

/* Begin PBXBuildFile section */
		129E61191E03CC5F00B56EB8 /* main.swift in Sources */ = {isa = PBXBuildFile; fileRef = 129E61181E03CC5F00B56EB8 /* main.swift */; };
		129E61211E03CC6E00B56EB8 /* NCDatabase.xcdatamodeld in Sources */ = {isa = PBXBuildFile; fileRef = 129E611F1E03CC6E00B56EB8 /* NCDatabase.xcdatamodeld */; };
		129E61281E03CCC600B56EB8 /* libsqlite3.tbd in Frameworks */ = {isa = PBXBuildFile; fileRef = 129E61271E03CCC600B56EB8 /* libsqlite3.tbd */; };
/* End PBXBuildFile section */

/* Begin PBXCopyFilesBuildPhase section */
		129E61131E03CC5F00B56EB8 /* CopyFiles */ = {
			isa = PBXCopyFilesBuildPhase;
			buildActionMask = 2147483647;
			dstPath = /usr/share/man/man1/;
			dstSubfolderSpec = 0;
			files = (
			);
			runOnlyForDeploymentPostprocessing = 1;
		};
/* End PBXCopyFilesBuildPhase section */

/* Begin PBXFileReference section */
		129E61151E03CC5F00B56EB8 /* NCDatabase */ = {isa = PBXFileReference; explicitFileType = "compiled.mach-o.executable"; includeInIndex = 0; path = NCDatabase; sourceTree = BUILT_PRODUCTS_DIR; };
		129E61181E03CC5F00B56EB8 /* main.swift */ = {isa = PBXFileReference; lastKnownFileType = sourcecode.swift; path = main.swift; sourceTree = "<group>"; };
		129E61201E03CC6E00B56EB8 /* NCDatabase.xcdatamodel */ = {isa = PBXFileReference; lastKnownFileType = wrapper.xcdatamodel; path = NCDatabase.xcdatamodel; sourceTree = "<group>"; };
		129E61221E03CCAC00B56EB8 /* NCDatabase-Bridging-Header.h */ = {isa = PBXFileReference; lastKnownFileType = sourcecode.c.h; path = "NCDatabase-Bridging-Header.h"; sourceTree = "<group>"; };
		129E61271E03CCC600B56EB8 /* libsqlite3.tbd */ = {isa = PBXFileReference; lastKnownFileType = "sourcecode.text-based-dylib-definition"; name = libsqlite3.tbd; path = usr/lib/libsqlite3.tbd; sourceTree = SDKROOT; };
/* End PBXFileReference section */

/* Begin PBXFrameworksBuildPhase section */
		129E61121E03CC5F00B56EB8 /* Frameworks */ = {
			isa = PBXFrameworksBuildPhase;
			buildActionMask = 2147483647;
			files = (
				129E61281E03CCC600B56EB8 /* libsqlite3.tbd in Frameworks */,
			);
			runOnlyForDeploymentPostprocessing = 0;
		};
/* End PBXFrameworksBuildPhase section */

/* Begin PBXGroup section */
		129E610C1E03CC5F00B56EB8 = {
			isa = PBXGroup;
			children = (
				129E61171E03CC5F00B56EB8 /* NCDatabase */,
				129E61161E03CC5F00B56EB8 /* Products */,
				129E61261E03CCC600B56EB8 /* Frameworks */,
			);
			sourceTree = "<group>";
		};
		129E61161E03CC5F00B56EB8 /* Products */ = {
			isa = PBXGroup;
			children = (
				129E61151E03CC5F00B56EB8 /* NCDatabase */,
			);
			name = Products;
			sourceTree = "<group>";
		};
		129E61171E03CC5F00B56EB8 /* NCDatabase */ = {
			isa = PBXGroup;
			children = (
				129E611F1E03CC6E00B56EB8 /* NCDatabase.xcdatamodeld */,
				129E61181E03CC5F00B56EB8 /* main.swift */,
				129E61221E03CCAC00B56EB8 /* NCDatabase-Bridging-Header.h */,
			);
			path = NCDatabase;
			sourceTree = "<group>";
		};
		129E61261E03CCC600B56EB8 /* Frameworks */ = {
			isa = PBXGroup;
			children = (
				129E61271E03CCC600B56EB8 /* libsqlite3.tbd */,
			);
			name = Frameworks;
			sourceTree = "<group>";
		};
/* End PBXGroup section */

/* Begin PBXNativeTarget section */
		129E61141E03CC5F00B56EB8 /* NCDatabase */ = {
			isa = PBXNativeTarget;
			buildConfigurationList = 129E611C1E03CC5F00B56EB8 /* Build configuration list for PBXNativeTarget "NCDatabase" */;
			buildPhases = (
				129E61111E03CC5F00B56EB8 /* Sources */,
				129E61121E03CC5F00B56EB8 /* Frameworks */,
				129E61131E03CC5F00B56EB8 /* CopyFiles */,
			);
			buildRules = (
			);
			dependencies = (
			);
			name = NCDatabase;
			productName = NCDatabase;
			productReference = 129E61151E03CC5F00B56EB8 /* NCDatabase */;
			productType = "com.apple.product-type.tool";
		};
/* End PBXNativeTarget section */

/* Begin PBXProject section */
		129E610D1E03CC5F00B56EB8 /* Project object */ = {
			isa = PBXProject;
			attributes = {
				LastSwiftUpdateCheck = 0820;
				LastUpgradeCheck = 0820;
				ORGANIZATIONNAME = "Artem Shimanski";
				TargetAttributes = {
					129E61141E03CC5F00B56EB8 = {
						CreatedOnToolsVersion = 8.2;
						DevelopmentTeam = YB4RLQ4M9A;
						LastSwiftMigration = 0820;
						ProvisioningStyle = Automatic;
					};
				};
			};
			buildConfigurationList = 129E61101E03CC5F00B56EB8 /* Build configuration list for PBXProject "NCDatabase" */;
			compatibilityVersion = "Xcode 3.2";
			developmentRegion = English;
			hasScannedForEncodings = 0;
			knownRegions = (
				en,
			);
			mainGroup = 129E610C1E03CC5F00B56EB8;
			productRefGroup = 129E61161E03CC5F00B56EB8 /* Products */;
			projectDirPath = "";
			projectRoot = "";
			targets = (
				129E61141E03CC5F00B56EB8 /* NCDatabase */,
			);
		};
/* End PBXProject section */

/* Begin PBXSourcesBuildPhase section */
		129E61111E03CC5F00B56EB8 /* Sources */ = {
			isa = PBXSourcesBuildPhase;
			buildActionMask = 2147483647;
			files = (
				129E61211E03CC6E00B56EB8 /* NCDatabase.xcdatamodeld in Sources */,
				129E61191E03CC5F00B56EB8 /* main.swift in Sources */,
			);
			runOnlyForDeploymentPostprocessing = 0;
		};
/* End PBXSourcesBuildPhase section */

/* Begin XCBuildConfiguration section */
		129E611A1E03CC5F00B56EB8 /* Debug */ = {
			isa = XCBuildConfiguration;
			buildSettings = {
				ALWAYS_SEARCH_USER_PATHS = NO;
				CLANG_ANALYZER_NONNULL = YES;
				CLANG_CXX_LANGUAGE_STANDARD = "gnu++0x";
				CLANG_CXX_LIBRARY = "libc++";
				CLANG_ENABLE_MODULES = YES;
				CLANG_ENABLE_OBJC_ARC = YES;
				CLANG_WARN_BOOL_CONVERSION = YES;
				CLANG_WARN_CONSTANT_CONVERSION = YES;
				CLANG_WARN_DIRECT_OBJC_ISA_USAGE = YES_ERROR;
				CLANG_WARN_DOCUMENTATION_COMMENTS = YES;
				CLANG_WARN_EMPTY_BODY = YES;
				CLANG_WARN_ENUM_CONVERSION = YES;
				CLANG_WARN_INFINITE_RECURSION = YES;
				CLANG_WARN_INT_CONVERSION = YES;
				CLANG_WARN_OBJC_ROOT_CLASS = YES_ERROR;
				CLANG_WARN_SUSPICIOUS_MOVE = YES;
				CLANG_WARN_UNREACHABLE_CODE = YES;
				CLANG_WARN__DUPLICATE_METHOD_MATCH = YES;
				CODE_SIGN_IDENTITY = "-";
				COPY_PHASE_STRIP = NO;
				DEBUG_INFORMATION_FORMAT = dwarf;
				ENABLE_STRICT_OBJC_MSGSEND = YES;
				ENABLE_TESTABILITY = YES;
				GCC_C_LANGUAGE_STANDARD = gnu99;
				GCC_DYNAMIC_NO_PIC = NO;
				GCC_NO_COMMON_BLOCKS = YES;
				GCC_OPTIMIZATION_LEVEL = 0;
				GCC_PREPROCESSOR_DEFINITIONS = (
					"DEBUG=1",
					"$(inherited)",
				);
				GCC_WARN_64_TO_32_BIT_CONVERSION = YES;
				GCC_WARN_ABOUT_RETURN_TYPE = YES_ERROR;
				GCC_WARN_UNDECLARED_SELECTOR = YES;
				GCC_WARN_UNINITIALIZED_AUTOS = YES_AGGRESSIVE;
				GCC_WARN_UNUSED_FUNCTION = YES;
				GCC_WARN_UNUSED_VARIABLE = YES;
				MACOSX_DEPLOYMENT_TARGET = 10.12;
				MTL_ENABLE_DEBUG_INFO = YES;
				ONLY_ACTIVE_ARCH = YES;
				SDKROOT = macosx;
				SWIFT_OPTIMIZATION_LEVEL = "-Onone";
			};
			name = Debug;
		};
		129E611B1E03CC5F00B56EB8 /* Release */ = {
			isa = XCBuildConfiguration;
			buildSettings = {
				ALWAYS_SEARCH_USER_PATHS = NO;
				CLANG_ANALYZER_NONNULL = YES;
				CLANG_CXX_LANGUAGE_STANDARD = "gnu++0x";
				CLANG_CXX_LIBRARY = "libc++";
				CLANG_ENABLE_MODULES = YES;
				CLANG_ENABLE_OBJC_ARC = YES;
				CLANG_WARN_BOOL_CONVERSION = YES;
				CLANG_WARN_CONSTANT_CONVERSION = YES;
				CLANG_WARN_DIRECT_OBJC_ISA_USAGE = YES_ERROR;
				CLANG_WARN_DOCUMENTATION_COMMENTS = YES;
				CLANG_WARN_EMPTY_BODY = YES;
				CLANG_WARN_ENUM_CONVERSION = YES;
				CLANG_WARN_INFINITE_RECURSION = YES;
				CLANG_WARN_INT_CONVERSION = YES;
				CLANG_WARN_OBJC_ROOT_CLASS = YES_ERROR;
				CLANG_WARN_SUSPICIOUS_MOVE = YES;
				CLANG_WARN_UNREACHABLE_CODE = YES;
				CLANG_WARN__DUPLICATE_METHOD_MATCH = YES;
				CODE_SIGN_IDENTITY = "-";
				COPY_PHASE_STRIP = NO;
				DEBUG_INFORMATION_FORMAT = "dwarf-with-dsym";
				ENABLE_NS_ASSERTIONS = NO;
				ENABLE_STRICT_OBJC_MSGSEND = YES;
				GCC_C_LANGUAGE_STANDARD = gnu99;
				GCC_NO_COMMON_BLOCKS = YES;
				GCC_WARN_64_TO_32_BIT_CONVERSION = YES;
				GCC_WARN_ABOUT_RETURN_TYPE = YES_ERROR;
				GCC_WARN_UNDECLARED_SELECTOR = YES;
				GCC_WARN_UNINITIALIZED_AUTOS = YES_AGGRESSIVE;
				GCC_WARN_UNUSED_FUNCTION = YES;
				GCC_WARN_UNUSED_VARIABLE = YES;
				MACOSX_DEPLOYMENT_TARGET = 10.12;
				MTL_ENABLE_DEBUG_INFO = NO;
				SDKROOT = macosx;
			};
			name = Release;
		};
		129E611D1E03CC5F00B56EB8 /* Debug */ = {
			isa = XCBuildConfiguration;
			buildSettings = {
				CLANG_ENABLE_MODULES = YES;
				DEVELOPMENT_TEAM = YB4RLQ4M9A;
				LD_RUNPATH_SEARCH_PATHS = "$(inherited) @executable_path/../Frameworks @loader_path/../Frameworks";
				PRODUCT_NAME = "$(TARGET_NAME)";
				SWIFT_OBJC_BRIDGING_HEADER = "NCDatabase/NCDatabase-Bridging-Header.h";
				SWIFT_OPTIMIZATION_LEVEL = "-Onone";
				SWIFT_VERSION = 3.0;
			};
			name = Debug;
		};
		129E611E1E03CC5F00B56EB8 /* Release */ = {
			isa = XCBuildConfiguration;
			buildSettings = {
				CLANG_ENABLE_MODULES = YES;
				DEVELOPMENT_TEAM = YB4RLQ4M9A;
				LD_RUNPATH_SEARCH_PATHS = "$(inherited) @executable_path/../Frameworks @loader_path/../Frameworks";
				PRODUCT_NAME = "$(TARGET_NAME)";
				SWIFT_OBJC_BRIDGING_HEADER = "NCDatabase/NCDatabase-Bridging-Header.h";
				SWIFT_VERSION = 3.0;
			};
			name = Release;
		};
/* End XCBuildConfiguration section */

/* Begin XCConfigurationList section */
		129E61101E03CC5F00B56EB8 /* Build configuration list for PBXProject "NCDatabase" */ = {
			isa = XCConfigurationList;
			buildConfigurations = (
				129E611A1E03CC5F00B56EB8 /* Debug */,
				129E611B1E03CC5F00B56EB8 /* Release */,
			);
			defaultConfigurationIsVisible = 0;
			defaultConfigurationName = Release;
		};
		129E611C1E03CC5F00B56EB8 /* Build configuration list for PBXNativeTarget "NCDatabase" */ = {
			isa = XCConfigurationList;
			buildConfigurations = (
				129E611D1E03CC5F00B56EB8 /* Debug */,
				129E611E1E03CC5F00B56EB8 /* Release */,
			);
			defaultConfigurationIsVisible = 0;
			defaultConfigurationName = Release;
		};
/* End XCConfigurationList section */

/* Begin XCVersionGroup section */
		129E611F1E03CC6E00B56EB8 /* NCDatabase.xcdatamodeld */ = {
			isa = XCVersionGroup;
			children = (
				129E61201E03CC6E00B56EB8 /* NCDatabase.xcdatamodel */,
			);
			currentVersion = 129E61201E03CC6E00B56EB8 /* NCDatabase.xcdatamodel */;
			name = NCDatabase.xcdatamodeld;
			path = ../../../Neocom/Neocom/NCDatabase.xcdatamodeld;
			sourceTree = "<group>";
			versionGroupType = wrapper.xcdatamodel;
		};
/* End XCVersionGroup section */
	};
	rootObject = 129E610D1E03CC5F00B56EB8 /* Project object */;
}
